// !$*UTF8*$!
{
	archiveVersion = 1;
	classes = {
	};
	objectVersion = 51;
	objects = {

/* Begin PBXBuildFile section */
		C1759DDD22319D3000EFC8E8 /* SettingsViewController+DataSource.swift in Sources */ = {isa = PBXBuildFile; fileRef = C1759DDC22319D3000EFC8E8 /* SettingsViewController+DataSource.swift */; };
		C17BE36B22B03FC80001D442 /* HeaderCell.swift in Sources */ = {isa = PBXBuildFile; fileRef = C17BE36A22B03FC80001D442 /* HeaderCell.swift */; };
		C17BE36D22B049720001D442 /* Setting.swift in Sources */ = {isa = PBXBuildFile; fileRef = C17BE36C22B049720001D442 /* Setting.swift */; };
		C17BE36F22B052690001D442 /* ButtonSetting.swift in Sources */ = {isa = PBXBuildFile; fileRef = C17BE36E22B052690001D442 /* ButtonSetting.swift */; };
		C1A0ED0022A971190033B63A /* ContentTypeSettingCell.swift in Sources */ = {isa = PBXBuildFile; fileRef = C1A0ECFF22A971190033B63A /* ContentTypeSettingCell.swift */; };
		C1C0D331224198A900D7F301 /* ViewController+Keyboard.swift in Sources */ = {isa = PBXBuildFile; fileRef = C1C0D330224198A900D7F301 /* ViewController+Keyboard.swift */; };
		C1C0D33B2242C1A400D7F301 /* abraham.gif in Resources */ = {isa = PBXBuildFile; fileRef = C1C0D3392242C1A400D7F301 /* abraham.gif */; };
		C1C0D33C2242C1A400D7F301 /* suerender.gif in Resources */ = {isa = PBXBuildFile; fileRef = C1C0D33A2242C1A400D7F301 /* suerender.gif */; };
		C1F1A3AD222F28FF005298F6 /* SettingsViewController.swift in Sources */ = {isa = PBXBuildFile; fileRef = C1F1A3AC222F28FF005298F6 /* SettingsViewController.swift */; };
		C1F1A3AF222F334B005298F6 /* SettingCell.swift in Sources */ = {isa = PBXBuildFile; fileRef = C1F1A3AE222F334B005298F6 /* SettingCell.swift */; };
		C1F1A3B1222F3368005298F6 /* ButtonCell.swift in Sources */ = {isa = PBXBuildFile; fileRef = C1F1A3B0222F3368005298F6 /* ButtonCell.swift */; };
		CAF0BAB7B90B66E894FA6DA8 /* Pods_Example.framework in Frameworks */ = {isa = PBXBuildFile; fileRef = 0F23315B7EECC014F4A265E7 /* Pods_Example.framework */; };
		FD788A4D22134449000227B3 /* AppDelegate.swift in Sources */ = {isa = PBXBuildFile; fileRef = FD788A4C22134449000227B3 /* AppDelegate.swift */; };
		FD788A5222134449000227B3 /* Main.storyboard in Resources */ = {isa = PBXBuildFile; fileRef = FD788A5022134449000227B3 /* Main.storyboard */; };
		FD788A542213444A000227B3 /* Assets.xcassets in Resources */ = {isa = PBXBuildFile; fileRef = FD788A532213444A000227B3 /* Assets.xcassets */; };
		FD788A572213444A000227B3 /* LaunchScreen.storyboard in Resources */ = {isa = PBXBuildFile; fileRef = FD788A552213444A000227B3 /* LaunchScreen.storyboard */; };
		FD93824B2315B6CF0071ECF0 /* ViewController.swift in Sources */ = {isa = PBXBuildFile; fileRef = FD9382492315B6CF0071ECF0 /* ViewController.swift */; };
		FD93824C2315B6CF0071ECF0 /* ViewController+DataSource.swift in Sources */ = {isa = PBXBuildFile; fileRef = FD93824A2315B6CF0071ECF0 /* ViewController+DataSource.swift */; };
		FD93824E2315B70E0071ECF0 /* ChatCell.swift in Sources */ = {isa = PBXBuildFile; fileRef = FD93824D2315B70E0071ECF0 /* ChatCell.swift */; };
/* End PBXBuildFile section */

/* Begin PBXContainerItemProxy section */
		FD00A469221DD98E008F19FE /* PBXContainerItemProxy */ = {
			isa = PBXContainerItemProxy;
			containerPortal = FD00A465221DD98E008F19FE /* ExampleObjectiveC.xcodeproj */;
			proxyType = 2;
			remoteGlobalIDString = FD00A44C221DD915008F19FE;
			remoteInfo = ExampleObjectiveC;
		};
/* End PBXContainerItemProxy section */

/* Begin PBXCopyFilesBuildPhase section */
		FD3DCAC62277A37A00FDB5D9 /* Embed Frameworks */ = {
			isa = PBXCopyFilesBuildPhase;
			buildActionMask = 2147483647;
			dstPath = "";
			dstSubfolderSpec = 10;
			files = (
			);
			name = "Embed Frameworks";
			runOnlyForDeploymentPostprocessing = 0;
		};
/* End PBXCopyFilesBuildPhase section */

/* Begin PBXFileReference section */
		0F23315B7EECC014F4A265E7 /* Pods_Example.framework */ = {isa = PBXFileReference; explicitFileType = wrapper.framework; includeInIndex = 0; path = Pods_Example.framework; sourceTree = BUILT_PRODUCTS_DIR; };
		6F63BC3F1B8D1A6DBAFF5353 /* Pods-Example.release.xcconfig */ = {isa = PBXFileReference; includeInIndex = 1; lastKnownFileType = text.xcconfig; name = "Pods-Example.release.xcconfig"; path = "Target Support Files/Pods-Example/Pods-Example.release.xcconfig"; sourceTree = "<group>"; };
		9FAFD26074B24D2DAD5C23A9 /* Pods-Example.debug.xcconfig */ = {isa = PBXFileReference; includeInIndex = 1; lastKnownFileType = text.xcconfig; name = "Pods-Example.debug.xcconfig"; path = "Target Support Files/Pods-Example/Pods-Example.debug.xcconfig"; sourceTree = "<group>"; };
		C1759DDC22319D3000EFC8E8 /* SettingsViewController+DataSource.swift */ = {isa = PBXFileReference; lastKnownFileType = sourcecode.swift; path = "SettingsViewController+DataSource.swift"; sourceTree = "<group>"; };
		C17BE36A22B03FC80001D442 /* HeaderCell.swift */ = {isa = PBXFileReference; lastKnownFileType = sourcecode.swift; path = HeaderCell.swift; sourceTree = "<group>"; };
		C17BE36C22B049720001D442 /* Setting.swift */ = {isa = PBXFileReference; lastKnownFileType = sourcecode.swift; path = Setting.swift; sourceTree = "<group>"; };
		C17BE36E22B052690001D442 /* ButtonSetting.swift */ = {isa = PBXFileReference; lastKnownFileType = sourcecode.swift; path = ButtonSetting.swift; sourceTree = "<group>"; };
		C1A0ECFF22A971190033B63A /* ContentTypeSettingCell.swift */ = {isa = PBXFileReference; lastKnownFileType = sourcecode.swift; path = ContentTypeSettingCell.swift; sourceTree = "<group>"; };
		C1C0D330224198A900D7F301 /* ViewController+Keyboard.swift */ = {isa = PBXFileReference; lastKnownFileType = sourcecode.swift; path = "ViewController+Keyboard.swift"; sourceTree = "<group>"; };
		C1C0D3392242C1A400D7F301 /* abraham.gif */ = {isa = PBXFileReference; lastKnownFileType = image.gif; path = abraham.gif; sourceTree = "<group>"; };
		C1C0D33A2242C1A400D7F301 /* suerender.gif */ = {isa = PBXFileReference; lastKnownFileType = image.gif; path = suerender.gif; sourceTree = "<group>"; };
		C1F1A3AC222F28FF005298F6 /* SettingsViewController.swift */ = {isa = PBXFileReference; lastKnownFileType = sourcecode.swift; path = SettingsViewController.swift; sourceTree = "<group>"; };
		C1F1A3AE222F334B005298F6 /* SettingCell.swift */ = {isa = PBXFileReference; lastKnownFileType = sourcecode.swift; path = SettingCell.swift; sourceTree = "<group>"; };
		C1F1A3B0222F3368005298F6 /* ButtonCell.swift */ = {isa = PBXFileReference; lastKnownFileType = sourcecode.swift; path = ButtonCell.swift; sourceTree = "<group>"; };
		FD00A465221DD98E008F19FE /* ExampleObjectiveC.xcodeproj */ = {isa = PBXFileReference; lastKnownFileType = "wrapper.pb-project"; name = ExampleObjectiveC.xcodeproj; path = ../ExampleObjectiveC/ExampleObjectiveC.xcodeproj; sourceTree = "<group>"; };
		FD788A4922134449000227B3 /* Example.app */ = {isa = PBXFileReference; explicitFileType = wrapper.application; includeInIndex = 0; path = Example.app; sourceTree = BUILT_PRODUCTS_DIR; };
		FD788A4C22134449000227B3 /* AppDelegate.swift */ = {isa = PBXFileReference; lastKnownFileType = sourcecode.swift; path = AppDelegate.swift; sourceTree = "<group>"; };
		FD788A5122134449000227B3 /* Base */ = {isa = PBXFileReference; lastKnownFileType = file.storyboard; name = Base; path = Base.lproj/Main.storyboard; sourceTree = "<group>"; };
		FD788A532213444A000227B3 /* Assets.xcassets */ = {isa = PBXFileReference; lastKnownFileType = folder.assetcatalog; path = Assets.xcassets; sourceTree = "<group>"; };
		FD788A562213444A000227B3 /* Base */ = {isa = PBXFileReference; lastKnownFileType = file.storyboard; name = Base; path = Base.lproj/LaunchScreen.storyboard; sourceTree = "<group>"; };
		FD788A582213444A000227B3 /* Info.plist */ = {isa = PBXFileReference; lastKnownFileType = text.plist.xml; path = Info.plist; sourceTree = "<group>"; };
		FD9382492315B6CF0071ECF0 /* ViewController.swift */ = {isa = PBXFileReference; lastKnownFileType = sourcecode.swift; path = ViewController.swift; sourceTree = "<group>"; };
		FD93824A2315B6CF0071ECF0 /* ViewController+DataSource.swift */ = {isa = PBXFileReference; lastKnownFileType = sourcecode.swift; path = "ViewController+DataSource.swift"; sourceTree = "<group>"; };
		FD93824D2315B70E0071ECF0 /* ChatCell.swift */ = {isa = PBXFileReference; lastKnownFileType = sourcecode.swift; path = ChatCell.swift; sourceTree = "<group>"; };
/* End PBXFileReference section */

/* Begin PBXFrameworksBuildPhase section */
		FD788A4622134449000227B3 /* Frameworks */ = {
			isa = PBXFrameworksBuildPhase;
			buildActionMask = 2147483647;
			files = (
				CAF0BAB7B90B66E894FA6DA8 /* Pods_Example.framework in Frameworks */,
			);
			runOnlyForDeploymentPostprocessing = 0;
		};
/* End PBXFrameworksBuildPhase section */

/* Begin PBXGroup section */
		E1A606288B73E249AA498745 /* Pods */ = {
			isa = PBXGroup;
			children = (
				9FAFD26074B24D2DAD5C23A9 /* Pods-Example.debug.xcconfig */,
				6F63BC3F1B8D1A6DBAFF5353 /* Pods-Example.release.xcconfig */,
			);
			path = Pods;
			sourceTree = "<group>";
		};
		FD00A466221DD98E008F19FE /* Products */ = {
			isa = PBXGroup;
			children = (
				FD00A46A221DD98E008F19FE /* ExampleObjectiveC.app */,
			);
			name = Products;
			sourceTree = "<group>";
		};
		FD788A4022134449000227B3 = {
			isa = PBXGroup;
			children = (
				FD788A4B22134449000227B3 /* Example */,
				FD788A4A22134449000227B3 /* Products */,
				FD788A5E2213449E000227B3 /* Frameworks */,
				E1A606288B73E249AA498745 /* Pods */,
			);
			sourceTree = "<group>";
		};
		FD788A4A22134449000227B3 /* Products */ = {
			isa = PBXGroup;
			children = (
				FD788A4922134449000227B3 /* Example.app */,
			);
			name = Products;
			sourceTree = "<group>";
		};
		FD788A4B22134449000227B3 /* Example */ = {
			isa = PBXGroup;
			children = (
				FD788A4C22134449000227B3 /* AppDelegate.swift */,
				C1C0D330224198A900D7F301 /* ViewController+Keyboard.swift */,
				FD9382492315B6CF0071ECF0 /* ViewController.swift */,
				FD93824A2315B6CF0071ECF0 /* ViewController+DataSource.swift */,
				C1F1A3AC222F28FF005298F6 /* SettingsViewController.swift */,
				C1759DDC22319D3000EFC8E8 /* SettingsViewController+DataSource.swift */,
				C17BE36C22B049720001D442 /* Setting.swift */,
				C17BE36E22B052690001D442 /* ButtonSetting.swift */,
				C17BE36A22B03FC80001D442 /* HeaderCell.swift */,
				C1F1A3AE222F334B005298F6 /* SettingCell.swift */,
				C1A0ECFF22A971190033B63A /* ContentTypeSettingCell.swift */,
				C1F1A3B0222F3368005298F6 /* ButtonCell.swift */,
				FD93824D2315B70E0071ECF0 /* ChatCell.swift */,
				FD788A5022134449000227B3 /* Main.storyboard */,
				C1C0D3392242C1A400D7F301 /* abraham.gif */,
				C1C0D33A2242C1A400D7F301 /* suerender.gif */,
				FD788A532213444A000227B3 /* Assets.xcassets */,
				FD788A552213444A000227B3 /* LaunchScreen.storyboard */,
				FD788A582213444A000227B3 /* Info.plist */,
			);
			path = Example;
			sourceTree = "<group>";
		};
		FD788A5E2213449E000227B3 /* Frameworks */ = {
			isa = PBXGroup;
			children = (
				FD00A465221DD98E008F19FE /* ExampleObjectiveC.xcodeproj */,
				0F23315B7EECC014F4A265E7 /* Pods_Example.framework */,
			);
			name = Frameworks;
			sourceTree = "<group>";
		};
/* End PBXGroup section */

/* Begin PBXNativeTarget section */
		FD788A4822134449000227B3 /* Example */ = {
			isa = PBXNativeTarget;
			buildConfigurationList = FD788A5B2213444A000227B3 /* Build configuration list for PBXNativeTarget "Example" */;
			buildPhases = (
				29A9E9DEC4453A45DBD64BC8 /* [CP] Check Pods Manifest.lock */,
				FD788A4522134449000227B3 /* Sources */,
				FD788A4622134449000227B3 /* Frameworks */,
				FD788A4722134449000227B3 /* Resources */,
				FD3DCAC62277A37A00FDB5D9 /* Embed Frameworks */,
				4403963427F77B808AB90CF3 /* [CP] Embed Pods Frameworks */,
			);
			buildRules = (
			);
			dependencies = (
			);
			name = Example;
			productName = Example;
			productReference = FD788A4922134449000227B3 /* Example.app */;
			productType = "com.apple.product-type.application";
		};
/* End PBXNativeTarget section */

/* Begin PBXProject section */
		FD788A4122134449000227B3 /* Project object */ = {
			isa = PBXProject;
			attributes = {
				LastSwiftUpdateCheck = 1010;
				LastUpgradeCheck = 1010;
				ORGANIZATIONNAME = GIPHY;
				TargetAttributes = {
					FD788A4822134449000227B3 = {
						CreatedOnToolsVersion = 10.1;
					};
				};
			};
			buildConfigurationList = FD788A4422134449000227B3 /* Build configuration list for PBXProject "Example" */;
			compatibilityVersion = "Xcode 9.3";
			developmentRegion = en;
			hasScannedForEncodings = 0;
			knownRegions = (
				en,
				Base,
			);
			mainGroup = FD788A4022134449000227B3;
			productRefGroup = FD788A4A22134449000227B3 /* Products */;
			projectDirPath = "";
			projectReferences = (
				{
					ProductGroup = FD00A466221DD98E008F19FE /* Products */;
					ProjectRef = FD00A465221DD98E008F19FE /* ExampleObjectiveC.xcodeproj */;
				},
			);
			projectRoot = "";
			targets = (
				FD788A4822134449000227B3 /* Example */,
			);
		};
/* End PBXProject section */

/* Begin PBXReferenceProxy section */
		FD00A46A221DD98E008F19FE /* ExampleObjectiveC.app */ = {
			isa = PBXReferenceProxy;
			fileType = wrapper.application;
			path = ExampleObjectiveC.app;
			remoteRef = FD00A469221DD98E008F19FE /* PBXContainerItemProxy */;
			sourceTree = BUILT_PRODUCTS_DIR;
		};
/* End PBXReferenceProxy section */

/* Begin PBXResourcesBuildPhase section */
		FD788A4722134449000227B3 /* Resources */ = {
			isa = PBXResourcesBuildPhase;
			buildActionMask = 2147483647;
			files = (
				C1C0D33C2242C1A400D7F301 /* suerender.gif in Resources */,
				FD788A572213444A000227B3 /* LaunchScreen.storyboard in Resources */,
				FD788A542213444A000227B3 /* Assets.xcassets in Resources */,
				FD788A5222134449000227B3 /* Main.storyboard in Resources */,
				C1C0D33B2242C1A400D7F301 /* abraham.gif in Resources */,
			);
			runOnlyForDeploymentPostprocessing = 0;
		};
/* End PBXResourcesBuildPhase section */

/* Begin PBXShellScriptBuildPhase section */
		29A9E9DEC4453A45DBD64BC8 /* [CP] Check Pods Manifest.lock */ = {
			isa = PBXShellScriptBuildPhase;
			buildActionMask = 2147483647;
			files = (
			);
			inputFileListPaths = (
			);
			inputPaths = (
				"${PODS_PODFILE_DIR_PATH}/Podfile.lock",
				"${PODS_ROOT}/Manifest.lock",
			);
			name = "[CP] Check Pods Manifest.lock";
			outputFileListPaths = (
			);
			outputPaths = (
				"$(DERIVED_FILE_DIR)/Pods-Example-checkManifestLockResult.txt",
			);
			runOnlyForDeploymentPostprocessing = 0;
			shellPath = /bin/sh;
			shellScript = "diff \"${PODS_PODFILE_DIR_PATH}/Podfile.lock\" \"${PODS_ROOT}/Manifest.lock\" > /dev/null\nif [ $? != 0 ] ; then\n    # print error to STDERR\n    echo \"error: The sandbox is not in sync with the Podfile.lock. Run 'pod install' or update your CocoaPods installation.\" >&2\n    exit 1\nfi\n# This output is used by Xcode 'outputs' to avoid re-running this script phase.\necho \"SUCCESS\" > \"${SCRIPT_OUTPUT_FILE_0}\"\n";
			showEnvVarsInLog = 0;
		};
		4403963427F77B808AB90CF3 /* [CP] Embed Pods Frameworks */ = {
			isa = PBXShellScriptBuildPhase;
			buildActionMask = 2147483647;
			files = (
			);
			inputFileListPaths = (
				"${PODS_ROOT}/Target Support Files/Pods-Example/Pods-Example-frameworks-${CONFIGURATION}-input-files.xcfilelist",
			);
			name = "[CP] Embed Pods Frameworks";
			outputFileListPaths = (
				"${PODS_ROOT}/Target Support Files/Pods-Example/Pods-Example-frameworks-${CONFIGURATION}-output-files.xcfilelist",
			);
			runOnlyForDeploymentPostprocessing = 0;
			shellPath = /bin/sh;
			shellScript = "\"${PODS_ROOT}/Target Support Files/Pods-Example/Pods-Example-frameworks.sh\"\n";
			showEnvVarsInLog = 0;
		};
/* End PBXShellScriptBuildPhase section */

/* Begin PBXSourcesBuildPhase section */
		FD788A4522134449000227B3 /* Sources */ = {
			isa = PBXSourcesBuildPhase;
			buildActionMask = 2147483647;
			files = (
				C1F1A3B1222F3368005298F6 /* ButtonCell.swift in Sources */,
				C17BE36F22B052690001D442 /* ButtonSetting.swift in Sources */,
				C1A0ED0022A971190033B63A /* ContentTypeSettingCell.swift in Sources */,
				C17BE36B22B03FC80001D442 /* HeaderCell.swift in Sources */,
				C1C0D331224198A900D7F301 /* ViewController+Keyboard.swift in Sources */,
				FD93824B2315B6CF0071ECF0 /* ViewController.swift in Sources */,
				FD93824C2315B6CF0071ECF0 /* ViewController+DataSource.swift in Sources */,
				C17BE36D22B049720001D442 /* Setting.swift in Sources */,
				C1F1A3AF222F334B005298F6 /* SettingCell.swift in Sources */,
				C1F1A3AD222F28FF005298F6 /* SettingsViewController.swift in Sources */,
				FD93824E2315B70E0071ECF0 /* ChatCell.swift in Sources */,
				C1759DDD22319D3000EFC8E8 /* SettingsViewController+DataSource.swift in Sources */,
				FD788A4D22134449000227B3 /* AppDelegate.swift in Sources */,
			);
			runOnlyForDeploymentPostprocessing = 0;
		};
/* End PBXSourcesBuildPhase section */

/* Begin PBXVariantGroup section */
		FD788A5022134449000227B3 /* Main.storyboard */ = {
			isa = PBXVariantGroup;
			children = (
				FD788A5122134449000227B3 /* Base */,
			);
			name = Main.storyboard;
			sourceTree = "<group>";
		};
		FD788A552213444A000227B3 /* LaunchScreen.storyboard */ = {
			isa = PBXVariantGroup;
			children = (
				FD788A562213444A000227B3 /* Base */,
			);
			name = LaunchScreen.storyboard;
			sourceTree = "<group>";
		};
/* End PBXVariantGroup section */

/* Begin XCBuildConfiguration section */
		FD788A592213444A000227B3 /* Debug */ = {
			isa = XCBuildConfiguration;
			buildSettings = {
				ALWAYS_SEARCH_USER_PATHS = NO;
				CLANG_ANALYZER_NONNULL = YES;
				CLANG_ANALYZER_NUMBER_OBJECT_CONVERSION = YES_AGGRESSIVE;
				CLANG_CXX_LANGUAGE_STANDARD = "gnu++14";
				CLANG_CXX_LIBRARY = "libc++";
				CLANG_ENABLE_MODULES = YES;
				CLANG_ENABLE_OBJC_ARC = YES;
				CLANG_ENABLE_OBJC_WEAK = YES;
				CLANG_WARN_BLOCK_CAPTURE_AUTORELEASING = YES;
				CLANG_WARN_BOOL_CONVERSION = YES;
				CLANG_WARN_COMMA = YES;
				CLANG_WARN_CONSTANT_CONVERSION = YES;
				CLANG_WARN_DEPRECATED_OBJC_IMPLEMENTATIONS = YES;
				CLANG_WARN_DIRECT_OBJC_ISA_USAGE = YES_ERROR;
				CLANG_WARN_DOCUMENTATION_COMMENTS = YES;
				CLANG_WARN_EMPTY_BODY = YES;
				CLANG_WARN_ENUM_CONVERSION = YES;
				CLANG_WARN_INFINITE_RECURSION = YES;
				CLANG_WARN_INT_CONVERSION = YES;
				CLANG_WARN_NON_LITERAL_NULL_CONVERSION = YES;
				CLANG_WARN_OBJC_IMPLICIT_RETAIN_SELF = YES;
				CLANG_WARN_OBJC_LITERAL_CONVERSION = YES;
				CLANG_WARN_OBJC_ROOT_CLASS = YES_ERROR;
				CLANG_WARN_RANGE_LOOP_ANALYSIS = YES;
				CLANG_WARN_STRICT_PROTOTYPES = YES;
				CLANG_WARN_SUSPICIOUS_MOVE = YES;
				CLANG_WARN_UNGUARDED_AVAILABILITY = YES_AGGRESSIVE;
				CLANG_WARN_UNREACHABLE_CODE = YES;
				CLANG_WARN__DUPLICATE_METHOD_MATCH = YES;
				CODE_SIGN_IDENTITY = "iPhone Developer";
				COPY_PHASE_STRIP = NO;
				DEBUG_INFORMATION_FORMAT = dwarf;
				ENABLE_STRICT_OBJC_MSGSEND = YES;
				ENABLE_TESTABILITY = YES;
				GCC_C_LANGUAGE_STANDARD = gnu11;
				GCC_DYNAMIC_NO_PIC = NO;
				GCC_NO_COMMON_BLOCKS = YES;
				GCC_OPTIMIZATION_LEVEL = 0;
				GCC_PREPROCESSOR_DEFINITIONS = (
					"DEBUG=1",
					"$(inherited)",
				);
				GCC_WARN_64_TO_32_BIT_CONVERSION = YES;
				GCC_WARN_ABOUT_RETURN_TYPE = YES_ERROR;
				GCC_WARN_UNDECLARED_SELECTOR = YES;
				GCC_WARN_UNINITIALIZED_AUTOS = YES_AGGRESSIVE;
				GCC_WARN_UNUSED_FUNCTION = YES;
				GCC_WARN_UNUSED_VARIABLE = YES;
				IPHONEOS_DEPLOYMENT_TARGET = 12.1;
				MTL_ENABLE_DEBUG_INFO = INCLUDE_SOURCE;
				MTL_FAST_MATH = YES;
				ONLY_ACTIVE_ARCH = YES;
				SDKROOT = iphoneos;
				SWIFT_ACTIVE_COMPILATION_CONDITIONS = DEBUG;
				SWIFT_OPTIMIZATION_LEVEL = "-Onone";
			};
			name = Debug;
		};
		FD788A5A2213444A000227B3 /* Release */ = {
			isa = XCBuildConfiguration;
			buildSettings = {
				ALWAYS_SEARCH_USER_PATHS = NO;
				CLANG_ANALYZER_NONNULL = YES;
				CLANG_ANALYZER_NUMBER_OBJECT_CONVERSION = YES_AGGRESSIVE;
				CLANG_CXX_LANGUAGE_STANDARD = "gnu++14";
				CLANG_CXX_LIBRARY = "libc++";
				CLANG_ENABLE_MODULES = YES;
				CLANG_ENABLE_OBJC_ARC = YES;
				CLANG_ENABLE_OBJC_WEAK = YES;
				CLANG_WARN_BLOCK_CAPTURE_AUTORELEASING = YES;
				CLANG_WARN_BOOL_CONVERSION = YES;
				CLANG_WARN_COMMA = YES;
				CLANG_WARN_CONSTANT_CONVERSION = YES;
				CLANG_WARN_DEPRECATED_OBJC_IMPLEMENTATIONS = YES;
				CLANG_WARN_DIRECT_OBJC_ISA_USAGE = YES_ERROR;
				CLANG_WARN_DOCUMENTATION_COMMENTS = YES;
				CLANG_WARN_EMPTY_BODY = YES;
				CLANG_WARN_ENUM_CONVERSION = YES;
				CLANG_WARN_INFINITE_RECURSION = YES;
				CLANG_WARN_INT_CONVERSION = YES;
				CLANG_WARN_NON_LITERAL_NULL_CONVERSION = YES;
				CLANG_WARN_OBJC_IMPLICIT_RETAIN_SELF = YES;
				CLANG_WARN_OBJC_LITERAL_CONVERSION = YES;
				CLANG_WARN_OBJC_ROOT_CLASS = YES_ERROR;
				CLANG_WARN_RANGE_LOOP_ANALYSIS = YES;
				CLANG_WARN_STRICT_PROTOTYPES = YES;
				CLANG_WARN_SUSPICIOUS_MOVE = YES;
				CLANG_WARN_UNGUARDED_AVAILABILITY = YES_AGGRESSIVE;
				CLANG_WARN_UNREACHABLE_CODE = YES;
				CLANG_WARN__DUPLICATE_METHOD_MATCH = YES;
				CODE_SIGN_IDENTITY = "iPhone Developer";
				COPY_PHASE_STRIP = NO;
				DEBUG_INFORMATION_FORMAT = "dwarf-with-dsym";
				ENABLE_NS_ASSERTIONS = NO;
				ENABLE_STRICT_OBJC_MSGSEND = YES;
				GCC_C_LANGUAGE_STANDARD = gnu11;
				GCC_NO_COMMON_BLOCKS = YES;
				GCC_WARN_64_TO_32_BIT_CONVERSION = YES;
				GCC_WARN_ABOUT_RETURN_TYPE = YES_ERROR;
				GCC_WARN_UNDECLARED_SELECTOR = YES;
				GCC_WARN_UNINITIALIZED_AUTOS = YES_AGGRESSIVE;
				GCC_WARN_UNUSED_FUNCTION = YES;
				GCC_WARN_UNUSED_VARIABLE = YES;
				IPHONEOS_DEPLOYMENT_TARGET = 12.1;
				MTL_ENABLE_DEBUG_INFO = NO;
				MTL_FAST_MATH = YES;
				SDKROOT = iphoneos;
				SWIFT_COMPILATION_MODE = wholemodule;
				SWIFT_OPTIMIZATION_LEVEL = "-O";
				VALIDATE_PRODUCT = YES;
			};
			name = Release;
		};
		FD788A5C2213444A000227B3 /* Debug */ = {
			isa = XCBuildConfiguration;
			baseConfigurationReference = 9FAFD26074B24D2DAD5C23A9 /* Pods-Example.debug.xcconfig */;
			buildSettings = {
				ASSETCATALOG_COMPILER_APPICON_NAME = AppIcon;
				CODE_SIGN_IDENTITY = "iPhone Developer";
				CODE_SIGN_STYLE = Automatic;
				DEVELOPMENT_TEAM = DVWZFFJD5T;
				ENABLE_BITCODE = NO;
				INFOPLIST_FILE = Example/Info.plist;
				IPHONEOS_DEPLOYMENT_TARGET = 10.0;
				LD_RUNPATH_SEARCH_PATHS = (
					"$(inherited)",
					"@executable_path/Frameworks",
				);
				PRODUCT_BUNDLE_IDENTIFIER = com.giphy.UISDK.Example;
				PRODUCT_NAME = "$(TARGET_NAME)";
				PROVISIONING_PROFILE_SPECIFIER = "";
				SWIFT_VERSION = 5.0;
				TARGETED_DEVICE_FAMILY = "1,2";
			};
			name = Debug;
		};
		FD788A5D2213444A000227B3 /* Release */ = {
			isa = XCBuildConfiguration;
			baseConfigurationReference = 6F63BC3F1B8D1A6DBAFF5353 /* Pods-Example.release.xcconfig */;
			buildSettings = {
				ASSETCATALOG_COMPILER_APPICON_NAME = AppIcon;
				CODE_SIGN_IDENTITY = "iPhone Developer";
				CODE_SIGN_STYLE = Automatic;
				DEVELOPMENT_TEAM = DVWZFFJD5T;
				ENABLE_BITCODE = NO;
				INFOPLIST_FILE = Example/Info.plist;
				IPHONEOS_DEPLOYMENT_TARGET = 10.0;
				LD_RUNPATH_SEARCH_PATHS = (
					"$(inherited)",
					"@executable_path/Frameworks",
				);
				PRODUCT_BUNDLE_IDENTIFIER = com.giphy.UISDK.Example;
				PRODUCT_NAME = "$(TARGET_NAME)";
				PROVISIONING_PROFILE_SPECIFIER = "";
				SWIFT_VERSION = 5.0;
				TARGETED_DEVICE_FAMILY = "1,2";
			};
			name = Release;
		};
/* End XCBuildConfiguration section */

/* Begin XCConfigurationList section */
		FD788A4422134449000227B3 /* Build configuration list for PBXProject "Example" */ = {
			isa = XCConfigurationList;
			buildConfigurations = (
				FD788A592213444A000227B3 /* Debug */,
				FD788A5A2213444A000227B3 /* Release */,
			);
			defaultConfigurationIsVisible = 0;
			defaultConfigurationName = Release;
		};
		FD788A5B2213444A000227B3 /* Build configuration list for PBXNativeTarget "Example" */ = {
			isa = XCConfigurationList;
			buildConfigurations = (
				FD788A5C2213444A000227B3 /* Debug */,
				FD788A5D2213444A000227B3 /* Release */,
			);
			defaultConfigurationIsVisible = 0;
			defaultConfigurationName = Release;
		};
/* End XCConfigurationList section */
	};
	rootObject = FD788A4122134449000227B3 /* Project object */;
}
