PODS:
  - Giphy (2.2.3):
    - libwebp
  - libwebp (1.2.4):
    - libwebp/demux (= 1.2.4)
    - libwebp/mux (= 1.2.4)
    - libwebp/webp (= 1.2.4)
  - libwebp/demux (1.2.4):
    - libwebp/webp
  - libwebp/mux (1.2.4):
    - libwebp/demux
  - libwebp/webp (1.2.4)

DEPENDENCIES:
  - Giphy (from `https://s3.amazonaws.com/sdk.mobile.giphy.com/SDK/2.2.3/Giphy.podspec`)

SPEC REPOS:
  trunk:
    - libwebp

EXTERNAL SOURCES:
  Giphy:
    :podspec: https://s3.amazonaws.com/sdk.mobile.giphy.com/SDK/2.2.3/Giphy.podspec

SPEC CHECKSUMS:
  Giphy: 49c2efdb702420e04128617264eae5dface86282
  libwebp: f62cb61d0a484ba548448a4bd52aabf150ff6eef

PODFILE CHECKSUM: bdf7e37e2cbf5b2311271dffcf142d66ac0b90f6

COCOAPODS: 1.11.2
