PODS:
  - Giphy (2.2.7):
    - libwebp
  - libwebp (1.3.2):
    - libwebp/demux (= 1.3.2)
    - libwebp/mux (= 1.3.2)
    - libwebp/sharpyuv (= 1.3.2)
    - libwebp/webp (= 1.3.2)
  - libwebp/demux (1.3.2):
    - libwebp/webp
  - libwebp/mux (1.3.2):
    - libwebp/demux
  - libwebp/sharpyuv (1.3.2)
  - libwebp/webp (1.3.2):
    - libwebp/sharpyuv

DEPENDENCIES:
  - Giphy (from `https://s3.amazonaws.com/sdk.mobile.giphy.com/SDK/2.2.7/Giphy.podspec`)

SPEC REPOS:
  trunk:
    - libwebp

EXTERNAL SOURCES:
  Giphy:
    :podspec: https://s3.amazonaws.com/sdk.mobile.giphy.com/SDK/2.2.7/Giphy.podspec

SPEC CHECKSUMS:
  Giphy: dad025aa0c82e4c057e1989cde959034829dfca7
  libwebp: 1786c9f4ff8a279e4dac1e8f385004d5fc253009

PODFILE CHECKSUM: 9914098d15eceea4a2d23acc2f781e05bdac190e

COCOAPODS: 1.13.0
