PODS:
  - DeepDiff (2.3.1)
  - Giphy (1.2.5):
    - DeepDiff
    - libwebp
    - PINCache
  - libwebp (1.1.0):
    - libwebp/demux (= 1.1.0)
    - libwebp/mux (= 1.1.0)
    - libwebp/webp (= 1.1.0)
  - libwebp/demux (1.1.0):
    - libwebp/webp
  - libwebp/mux (1.1.0):
    - libwebp/demux
  - libwebp/webp (1.1.0)
  - PINCache (2.3)

DEPENDENCIES:
  - Giphy (from `https://s3.amazonaws.com/sdk.mobile.giphy.com/SDK/1.2.5/Giphy.podspec`)

SPEC REPOS:
  trunk:
    - DeepDiff
    - libwebp
    - PINCache

EXTERNAL SOURCES:
  Giphy:
    :podspec: https://s3.amazonaws.com/sdk.mobile.giphy.com/SDK/1.2.5/Giphy.podspec

SPEC CHECKSUMS:
  DeepDiff: e5ae6c50d0321568e4508cec5930b9f10bb293fc
  Giphy: 76a033587d9291d5e6d2001897bd8fb11840c7df
  libwebp: 946cb3063cea9236285f7e9a8505d806d30e07f3
  PINCache: ce36ed282031b92fc7733ffe831f474ff80fddc2

PODFILE CHECKSUM: 2b661ef9c2b26e9320c53b939681c548eae0d399

COCOAPODS: 1.8.4
