// !$*UTF8*$!
{
	archiveVersion = 1;
	classes = {
	};
	objectVersion = 51;
	objects = {

/* Begin PBXBuildFile section */
		2374105522B05161007C87DE /* Workaround.swift in Sources */ = {isa = PBXBuildFile; fileRef = 2374105422B05161007C87DE /* Workaround.swift */; };
		E537785D9CB8ECD59D91D03C /* Pods_ExampleObjectiveC.framework in Frameworks */ = {isa = PBXBuildFile; fileRef = 607DA6F419A0091968AE2FEA /* Pods_ExampleObjectiveC.framework */; };
		FD00A451221DD915008F19FE /* AppDelegate.m in Sources */ = {isa = PBXBuildFile; fileRef = FD00A450221DD915008F19FE /* AppDelegate.m */; };
		FD00A454221DD915008F19FE /* ViewController.m in Sources */ = {isa = PBXBuildFile; fileRef = FD00A453221DD915008F19FE /* ViewController.m */; };
		FD00A457221DD915008F19FE /* Main.storyboard in Resources */ = {isa = PBXBuildFile; fileRef = FD00A455221DD915008F19FE /* Main.storyboard */; };
		FD00A459221DD916008F19FE /* Assets.xcassets in Resources */ = {isa = PBXBuildFile; fileRef = FD00A458221DD916008F19FE /* Assets.xcassets */; };
		FD00A45C221DD916008F19FE /* LaunchScreen.storyboard in Resources */ = {isa = PBXBuildFile; fileRef = FD00A45A221DD916008F19FE /* LaunchScreen.storyboard */; };
		FD00A45F221DD916008F19FE /* main.m in Sources */ = {isa = PBXBuildFile; fileRef = FD00A45E221DD916008F19FE /* main.m */; };
/* End PBXBuildFile section */

/* Begin PBXCopyFilesBuildPhase section */
		FD00A46E221DDAB3008F19FE /* Embed Frameworks */ = {
			isa = PBXCopyFilesBuildPhase;
			buildActionMask = 2147483647;
			dstPath = "";
			dstSubfolderSpec = 10;
			files = (
			);
			name = "Embed Frameworks";
			runOnlyForDeploymentPostprocessing = 0;
		};
/* End PBXCopyFilesBuildPhase section */

/* Begin PBXFileReference section */
		2374105122B0510B007C87DE /* ExampleObjectiveC-Bridging-Header.h */ = {isa = PBXFileReference; lastKnownFileType = sourcecode.c.h; path = "ExampleObjectiveC-Bridging-Header.h"; sourceTree = "<group>"; };
		2374105422B05161007C87DE /* Workaround.swift */ = {isa = PBXFileReference; lastKnownFileType = sourcecode.swift; path = Workaround.swift; sourceTree = "<group>"; };
		607DA6F419A0091968AE2FEA /* Pods_ExampleObjectiveC.framework */ = {isa = PBXFileReference; explicitFileType = wrapper.framework; includeInIndex = 0; path = Pods_ExampleObjectiveC.framework; sourceTree = BUILT_PRODUCTS_DIR; };
		748AADCAE9B333B4656074A7 /* Pods-ExampleObjectiveC.release.xcconfig */ = {isa = PBXFileReference; includeInIndex = 1; lastKnownFileType = text.xcconfig; name = "Pods-ExampleObjectiveC.release.xcconfig"; path = "Target Support Files/Pods-ExampleObjectiveC/Pods-ExampleObjectiveC.release.xcconfig"; sourceTree = "<group>"; };
		B7F98283162A52C977DE63B9 /* Pods-ExampleObjectiveC.debug.xcconfig */ = {isa = PBXFileReference; includeInIndex = 1; lastKnownFileType = text.xcconfig; name = "Pods-ExampleObjectiveC.debug.xcconfig"; path = "Target Support Files/Pods-ExampleObjectiveC/Pods-ExampleObjectiveC.debug.xcconfig"; sourceTree = "<group>"; };
		FD00A44C221DD915008F19FE /* ExampleObjectiveC.app */ = {isa = PBXFileReference; explicitFileType = wrapper.application; includeInIndex = 0; path = ExampleObjectiveC.app; sourceTree = BUILT_PRODUCTS_DIR; };
		FD00A44F221DD915008F19FE /* AppDelegate.h */ = {isa = PBXFileReference; lastKnownFileType = sourcecode.c.h; path = AppDelegate.h; sourceTree = "<group>"; };
		FD00A450221DD915008F19FE /* AppDelegate.m */ = {isa = PBXFileReference; lastKnownFileType = sourcecode.c.objc; path = AppDelegate.m; sourceTree = "<group>"; };
		FD00A452221DD915008F19FE /* ViewController.h */ = {isa = PBXFileReference; lastKnownFileType = sourcecode.c.h; path = ViewController.h; sourceTree = "<group>"; };
		FD00A453221DD915008F19FE /* ViewController.m */ = {isa = PBXFileReference; lastKnownFileType = sourcecode.c.objc; path = ViewController.m; sourceTree = "<group>"; };
		FD00A456221DD915008F19FE /* Base */ = {isa = PBXFileReference; lastKnownFileType = file.storyboard; name = Base; path = Base.lproj/Main.storyboard; sourceTree = "<group>"; };
		FD00A458221DD916008F19FE /* Assets.xcassets */ = {isa = PBXFileReference; lastKnownFileType = folder.assetcatalog; path = Assets.xcassets; sourceTree = "<group>"; };
		FD00A45B221DD916008F19FE /* Base */ = {isa = PBXFileReference; lastKnownFileType = file.storyboard; name = Base; path = Base.lproj/LaunchScreen.storyboard; sourceTree = "<group>"; };
		FD00A45D221DD916008F19FE /* Info.plist */ = {isa = PBXFileReference; lastKnownFileType = text.plist.xml; path = Info.plist; sourceTree = "<group>"; };
		FD00A45E221DD916008F19FE /* main.m */ = {isa = PBXFileReference; lastKnownFileType = sourcecode.c.objc; path = main.m; sourceTree = "<group>"; };
/* End PBXFileReference section */

/* Begin PBXFrameworksBuildPhase section */
		FD00A449221DD915008F19FE /* Frameworks */ = {
			isa = PBXFrameworksBuildPhase;
			buildActionMask = 2147483647;
			files = (
				E537785D9CB8ECD59D91D03C /* Pods_ExampleObjectiveC.framework in Frameworks */,
			);
			runOnlyForDeploymentPostprocessing = 0;
		};
/* End PBXFrameworksBuildPhase section */

/* Begin PBXGroup section */
		1E24E8B9C5138007CBD3E55D /* Frameworks */ = {
			isa = PBXGroup;
			children = (
				607DA6F419A0091968AE2FEA /* Pods_ExampleObjectiveC.framework */,
			);
			name = Frameworks;
			sourceTree = "<group>";
		};
		A3552577B2B0F59AEC058B36 /* Pods */ = {
			isa = PBXGroup;
			children = (
				B7F98283162A52C977DE63B9 /* Pods-ExampleObjectiveC.debug.xcconfig */,
				748AADCAE9B333B4656074A7 /* Pods-ExampleObjectiveC.release.xcconfig */,
			);
			path = Pods;
			sourceTree = "<group>";
		};
		FD00A443221DD915008F19FE = {
			isa = PBXGroup;
			children = (
				FD00A44E221DD915008F19FE /* ExampleObjectiveC */,
				FD00A44D221DD915008F19FE /* Products */,
				A3552577B2B0F59AEC058B36 /* Pods */,
				1E24E8B9C5138007CBD3E55D /* Frameworks */,
			);
			sourceTree = "<group>";
		};
		FD00A44D221DD915008F19FE /* Products */ = {
			isa = PBXGroup;
			children = (
				FD00A44C221DD915008F19FE /* ExampleObjectiveC.app */,
			);
			name = Products;
			sourceTree = "<group>";
		};
		FD00A44E221DD915008F19FE /* ExampleObjectiveC */ = {
			isa = PBXGroup;
			children = (
				FD00A44F221DD915008F19FE /* AppDelegate.h */,
				FD00A450221DD915008F19FE /* AppDelegate.m */,
				FD00A452221DD915008F19FE /* ViewController.h */,
				FD00A453221DD915008F19FE /* ViewController.m */,
				FD00A455221DD915008F19FE /* Main.storyboard */,
				FD00A458221DD916008F19FE /* Assets.xcassets */,
				FD00A45A221DD916008F19FE /* LaunchScreen.storyboard */,
				FD00A45D221DD916008F19FE /* Info.plist */,
				FD00A45E221DD916008F19FE /* main.m */,
				2374105122B0510B007C87DE /* ExampleObjectiveC-Bridging-Header.h */,
				2374105422B05161007C87DE /* Workaround.swift */,
			);
			path = ExampleObjectiveC;
			sourceTree = "<group>";
		};
/* End PBXGroup section */

/* Begin PBXNativeTarget section */
		FD00A44B221DD915008F19FE /* ExampleObjectiveC */ = {
			isa = PBXNativeTarget;
			buildConfigurationList = FD00A462221DD916008F19FE /* Build configuration list for PBXNativeTarget "ExampleObjectiveC" */;
			buildPhases = (
				6F8406280EE5C8B6123F6790 /* [CP] Check Pods Manifest.lock */,
				FD00A448221DD915008F19FE /* Sources */,
				FD00A449221DD915008F19FE /* Frameworks */,
				FD00A44A221DD915008F19FE /* Resources */,
				FD00A46E221DDAB3008F19FE /* Embed Frameworks */,
				60449FA26E85C45478D0EFCF /* [CP] Embed Pods Frameworks */,
				C43E3BB39E88ED97ECE0E55D /* [CP] Copy Pods Resources */,
			);
			buildRules = (
			);
			dependencies = (
			);
			name = ExampleObjectiveC;
			productName = ExampleObjectiveC;
			productReference = FD00A44C221DD915008F19FE /* ExampleObjectiveC.app */;
			productType = "com.apple.product-type.application";
		};
/* End PBXNativeTarget section */

/* Begin PBXProject section */
		FD00A444221DD915008F19FE /* Project object */ = {
			isa = PBXProject;
			attributes = {
				LastUpgradeCheck = 1010;
				ORGANIZATIONNAME = GIPHY;
				TargetAttributes = {
					FD00A44B221DD915008F19FE = {
						CreatedOnToolsVersion = 10.1;
						LastSwiftMigration = 1020;
					};
				};
			};
			buildConfigurationList = FD00A447221DD915008F19FE /* Build configuration list for PBXProject "ExampleObjectiveC" */;
			compatibilityVersion = "Xcode 9.3";
			developmentRegion = en;
			hasScannedForEncodings = 0;
			knownRegions = (
				en,
				Base,
			);
			mainGroup = FD00A443221DD915008F19FE;
			productRefGroup = FD00A44D221DD915008F19FE /* Products */;
			projectDirPath = "";
			projectRoot = "";
			targets = (
				FD00A44B221DD915008F19FE /* ExampleObjectiveC */,
			);
		};
/* End PBXProject section */

/* Begin PBXResourcesBuildPhase section */
		FD00A44A221DD915008F19FE /* Resources */ = {
			isa = PBXResourcesBuildPhase;
			buildActionMask = 2147483647;
			files = (
				FD00A45C221DD916008F19FE /* LaunchScreen.storyboard in Resources */,
				FD00A459221DD916008F19FE /* Assets.xcassets in Resources */,
				FD00A457221DD915008F19FE /* Main.storyboard in Resources */,
			);
			runOnlyForDeploymentPostprocessing = 0;
		};
/* End PBXResourcesBuildPhase section */

/* Begin PBXShellScriptBuildPhase section */
		60449FA26E85C45478D0EFCF /* [CP] Embed Pods Frameworks */ = {
			isa = PBXShellScriptBuildPhase;
			buildActionMask = 2147483647;
			files = (
			);
			inputFileListPaths = (
				"${PODS_ROOT}/Target Support Files/Pods-ExampleObjectiveC/Pods-ExampleObjectiveC-frameworks-${CONFIGURATION}-input-files.xcfilelist",
			);
			name = "[CP] Embed Pods Frameworks";
			outputFileListPaths = (
				"${PODS_ROOT}/Target Support Files/Pods-ExampleObjectiveC/Pods-ExampleObjectiveC-frameworks-${CONFIGURATION}-output-files.xcfilelist",
			);
			runOnlyForDeploymentPostprocessing = 0;
			shellPath = /bin/sh;
			shellScript = "\"${PODS_ROOT}/Target Support Files/Pods-ExampleObjectiveC/Pods-ExampleObjectiveC-frameworks.sh\"\n";
			showEnvVarsInLog = 0;
		};
		6F8406280EE5C8B6123F6790 /* [CP] Check Pods Manifest.lock */ = {
			isa = PBXShellScriptBuildPhase;
			buildActionMask = 2147483647;
			files = (
			);
			inputFileListPaths = (
			);
			inputPaths = (
				"${PODS_PODFILE_DIR_PATH}/Podfile.lock",
				"${PODS_ROOT}/Manifest.lock",
			);
			name = "[CP] Check Pods Manifest.lock";
			outputFileListPaths = (
			);
			outputPaths = (
				"$(DERIVED_FILE_DIR)/Pods-ExampleObjectiveC-checkManifestLockResult.txt",
			);
			runOnlyForDeploymentPostprocessing = 0;
			shellPath = /bin/sh;
			shellScript = "diff \"${PODS_PODFILE_DIR_PATH}/Podfile.lock\" \"${PODS_ROOT}/Manifest.lock\" > /dev/null\nif [ $? != 0 ] ; then\n    # print error to STDERR\n    echo \"error: The sandbox is not in sync with the Podfile.lock. Run 'pod install' or update your CocoaPods installation.\" >&2\n    exit 1\nfi\n# This output is used by Xcode 'outputs' to avoid re-running this script phase.\necho \"SUCCESS\" > \"${SCRIPT_OUTPUT_FILE_0}\"\n";
			showEnvVarsInLog = 0;
		};
		C43E3BB39E88ED97ECE0E55D /* [CP] Copy Pods Resources */ = {
			isa = PBXShellScriptBuildPhase;
			buildActionMask = 2147483647;
			files = (
			);
			inputFileListPaths = (
				"${PODS_ROOT}/Target Support Files/Pods-ExampleObjectiveC/Pods-ExampleObjectiveC-resources-${CONFIGURATION}-input-files.xcfilelist",
			);
			name = "[CP] Copy Pods Resources";
			outputFileListPaths = (
				"${PODS_ROOT}/Target Support Files/Pods-ExampleObjectiveC/Pods-ExampleObjectiveC-resources-${CONFIGURATION}-output-files.xcfilelist",
			);
			runOnlyForDeploymentPostprocessing = 0;
			shellPath = /bin/sh;
			shellScript = "\"${PODS_ROOT}/Target Support Files/Pods-ExampleObjectiveC/Pods-ExampleObjectiveC-resources.sh\"\n";
			showEnvVarsInLog = 0;
		};
/* End PBXShellScriptBuildPhase section */

/* Begin PBXSourcesBuildPhase section */
		FD00A448221DD915008F19FE /* Sources */ = {
			isa = PBXSourcesBuildPhase;
			buildActionMask = 2147483647;
			files = (
				FD00A454221DD915008F19FE /* ViewController.m in Sources */,
				FD00A45F221DD916008F19FE /* main.m in Sources */,
				FD00A451221DD915008F19FE /* AppDelegate.m in Sources */,
				2374105522B05161007C87DE /* Workaround.swift in Sources */,
			);
			runOnlyForDeploymentPostprocessing = 0;
		};
/* End PBXSourcesBuildPhase section */

/* Begin PBXVariantGroup section */
		FD00A455221DD915008F19FE /* Main.storyboard */ = {
			isa = PBXVariantGroup;
			children = (
				FD00A456221DD915008F19FE /* Base */,
			);
			name = Main.storyboard;
			sourceTree = "<group>";
		};
		FD00A45A221DD916008F19FE /* LaunchScreen.storyboard */ = {
			isa = PBXVariantGroup;
			children = (
				FD00A45B221DD916008F19FE /* Base */,
			);
			name = LaunchScreen.storyboard;
			sourceTree = "<group>";
		};
/* End PBXVariantGroup section */

/* Begin XCBuildConfiguration section */
		FD00A460221DD916008F19FE /* Debug */ = {
			isa = XCBuildConfiguration;
			buildSettings = {
				ALWAYS_SEARCH_USER_PATHS = NO;
				CLANG_ANALYZER_NONNULL = YES;
				CLANG_ANALYZER_NUMBER_OBJECT_CONVERSION = YES_AGGRESSIVE;
				CLANG_CXX_LANGUAGE_STANDARD = "gnu++14";
				CLANG_CXX_LIBRARY = "libc++";
				CLANG_ENABLE_MODULES = YES;
				CLANG_ENABLE_OBJC_ARC = YES;
				CLANG_ENABLE_OBJC_WEAK = YES;
				CLANG_WARN_BLOCK_CAPTURE_AUTORELEASING = YES;
				CLANG_WARN_BOOL_CONVERSION = YES;
				CLANG_WARN_COMMA = YES;
				CLANG_WARN_CONSTANT_CONVERSION = YES;
				CLANG_WARN_DEPRECATED_OBJC_IMPLEMENTATIONS = YES;
				CLANG_WARN_DIRECT_OBJC_ISA_USAGE = YES_ERROR;
				CLANG_WARN_DOCUMENTATION_COMMENTS = YES;
				CLANG_WARN_EMPTY_BODY = YES;
				CLANG_WARN_ENUM_CONVERSION = YES;
				CLANG_WARN_INFINITE_RECURSION = YES;
				CLANG_WARN_INT_CONVERSION = YES;
				CLANG_WARN_NON_LITERAL_NULL_CONVERSION = YES;
				CLANG_WARN_OBJC_IMPLICIT_RETAIN_SELF = YES;
				CLANG_WARN_OBJC_LITERAL_CONVERSION = YES;
				CLANG_WARN_OBJC_ROOT_CLASS = YES_ERROR;
				CLANG_WARN_RANGE_LOOP_ANALYSIS = YES;
				CLANG_WARN_STRICT_PROTOTYPES = YES;
				CLANG_WARN_SUSPICIOUS_MOVE = YES;
				CLANG_WARN_UNGUARDED_AVAILABILITY = YES_AGGRESSIVE;
				CLANG_WARN_UNREACHABLE_CODE = YES;
				CLANG_WARN__DUPLICATE_METHOD_MATCH = YES;
				CODE_SIGN_IDENTITY = "iPhone Developer";
				COPY_PHASE_STRIP = NO;
				DEBUG_INFORMATION_FORMAT = dwarf;
				ENABLE_STRICT_OBJC_MSGSEND = YES;
				ENABLE_TESTABILITY = YES;
				GCC_C_LANGUAGE_STANDARD = gnu11;
				GCC_DYNAMIC_NO_PIC = NO;
				GCC_NO_COMMON_BLOCKS = YES;
				GCC_OPTIMIZATION_LEVEL = 0;
				GCC_PREPROCESSOR_DEFINITIONS = (
					"DEBUG=1",
					"$(inherited)",
				);
				GCC_WARN_64_TO_32_BIT_CONVERSION = YES;
				GCC_WARN_ABOUT_RETURN_TYPE = YES_ERROR;
				GCC_WARN_UNDECLARED_SELECTOR = YES;
				GCC_WARN_UNINITIALIZED_AUTOS = YES_AGGRESSIVE;
				GCC_WARN_UNUSED_FUNCTION = YES;
				GCC_WARN_UNUSED_VARIABLE = YES;
				IPHONEOS_DEPLOYMENT_TARGET = 12.1;
				MTL_ENABLE_DEBUG_INFO = INCLUDE_SOURCE;
				MTL_FAST_MATH = YES;
				ONLY_ACTIVE_ARCH = YES;
				SDKROOT = iphoneos;
			};
			name = Debug;
		};
		FD00A461221DD916008F19FE /* Release */ = {
			isa = XCBuildConfiguration;
			buildSettings = {
				ALWAYS_SEARCH_USER_PATHS = NO;
				CLANG_ANALYZER_NONNULL = YES;
				CLANG_ANALYZER_NUMBER_OBJECT_CONVERSION = YES_AGGRESSIVE;
				CLANG_CXX_LANGUAGE_STANDARD = "gnu++14";
				CLANG_CXX_LIBRARY = "libc++";
				CLANG_ENABLE_MODULES = YES;
				CLANG_ENABLE_OBJC_ARC = YES;
				CLANG_ENABLE_OBJC_WEAK = YES;
				CLANG_WARN_BLOCK_CAPTURE_AUTORELEASING = YES;
				CLANG_WARN_BOOL_CONVERSION = YES;
				CLANG_WARN_COMMA = YES;
				CLANG_WARN_CONSTANT_CONVERSION = YES;
				CLANG_WARN_DEPRECATED_OBJC_IMPLEMENTATIONS = YES;
				CLANG_WARN_DIRECT_OBJC_ISA_USAGE = YES_ERROR;
				CLANG_WARN_DOCUMENTATION_COMMENTS = YES;
				CLANG_WARN_EMPTY_BODY = YES;
				CLANG_WARN_ENUM_CONVERSION = YES;
				CLANG_WARN_INFINITE_RECURSION = YES;
				CLANG_WARN_INT_CONVERSION = YES;
				CLANG_WARN_NON_LITERAL_NULL_CONVERSION = YES;
				CLANG_WARN_OBJC_IMPLICIT_RETAIN_SELF = YES;
				CLANG_WARN_OBJC_LITERAL_CONVERSION = YES;
				CLANG_WARN_OBJC_ROOT_CLASS = YES_ERROR;
				CLANG_WARN_RANGE_LOOP_ANALYSIS = YES;
				CLANG_WARN_STRICT_PROTOTYPES = YES;
				CLANG_WARN_SUSPICIOUS_MOVE = YES;
				CLANG_WARN_UNGUARDED_AVAILABILITY = YES_AGGRESSIVE;
				CLANG_WARN_UNREACHABLE_CODE = YES;
				CLANG_WARN__DUPLICATE_METHOD_MATCH = YES;
				CODE_SIGN_IDENTITY = "iPhone Developer";
				COPY_PHASE_STRIP = NO;
				DEBUG_INFORMATION_FORMAT = "dwarf-with-dsym";
				ENABLE_NS_ASSERTIONS = NO;
				ENABLE_STRICT_OBJC_MSGSEND = YES;
				GCC_C_LANGUAGE_STANDARD = gnu11;
				GCC_NO_COMMON_BLOCKS = YES;
				GCC_WARN_64_TO_32_BIT_CONVERSION = YES;
				GCC_WARN_ABOUT_RETURN_TYPE = YES_ERROR;
				GCC_WARN_UNDECLARED_SELECTOR = YES;
				GCC_WARN_UNINITIALIZED_AUTOS = YES_AGGRESSIVE;
				GCC_WARN_UNUSED_FUNCTION = YES;
				GCC_WARN_UNUSED_VARIABLE = YES;
				IPHONEOS_DEPLOYMENT_TARGET = 12.1;
				MTL_ENABLE_DEBUG_INFO = NO;
				MTL_FAST_MATH = YES;
				SDKROOT = iphoneos;
				VALIDATE_PRODUCT = YES;
			};
			name = Release;
		};
		FD00A463221DD916008F19FE /* Debug */ = {
			isa = XCBuildConfiguration;
			baseConfigurationReference = B7F98283162A52C977DE63B9 /* Pods-ExampleObjectiveC.debug.xcconfig */;
			buildSettings = {
				ALWAYS_EMBED_SWIFT_STANDARD_LIBRARIES = YES;
				ASSETCATALOG_COMPILER_APPICON_NAME = AppIcon;
				CLANG_ENABLE_MODULES = YES;
				CODE_SIGN_STYLE = Automatic;
				DEVELOPMENT_TEAM = "";
				INFOPLIST_FILE = ExampleObjectiveC/Info.plist;
				LD_RUNPATH_SEARCH_PATHS = (
					"$(inherited)",
					"@executable_path/Frameworks",
				);
				PRODUCT_BUNDLE_IDENTIFIER = com.giphy.GiphyUISDK.ExampleObjectiveC;
				PRODUCT_NAME = "$(TARGET_NAME)";
				SWIFT_OBJC_BRIDGING_HEADER = "ExampleObjectiveC/ExampleObjectiveC-Bridging-Header.h";
				SWIFT_OPTIMIZATION_LEVEL = "-Onone";
				SWIFT_VERSION = 5.0;
				TARGETED_DEVICE_FAMILY = "1,2";
			};
			name = Debug;
		};
		FD00A464221DD916008F19FE /* Release */ = {
			isa = XCBuildConfiguration;
			baseConfigurationReference = 748AADCAE9B333B4656074A7 /* Pods-ExampleObjectiveC.release.xcconfig */;
			buildSettings = {
				ALWAYS_EMBED_SWIFT_STANDARD_LIBRARIES = YES;
				ASSETCATALOG_COMPILER_APPICON_NAME = AppIcon;
				CLANG_ENABLE_MODULES = YES;
				CODE_SIGN_STYLE = Automatic;
				DEVELOPMENT_TEAM = "";
				INFOPLIST_FILE = ExampleObjectiveC/Info.plist;
				LD_RUNPATH_SEARCH_PATHS = (
					"$(inherited)",
					"@executable_path/Frameworks",
				);
				PRODUCT_BUNDLE_IDENTIFIER = com.giphy.GiphyUISDK.ExampleObjectiveC;
				PRODUCT_NAME = "$(TARGET_NAME)";
				SWIFT_OBJC_BRIDGING_HEADER = "ExampleObjectiveC/ExampleObjectiveC-Bridging-Header.h";
				SWIFT_VERSION = 5.0;
				TARGETED_DEVICE_FAMILY = "1,2";
			};
			name = Release;
		};
/* End XCBuildConfiguration section */

/* Begin XCConfigurationList section */
		FD00A447221DD915008F19FE /* Build configuration list for PBXProject "ExampleObjectiveC" */ = {
			isa = XCConfigurationList;
			buildConfigurations = (
				FD00A460221DD916008F19FE /* Debug */,
				FD00A461221DD916008F19FE /* Release */,
			);
			defaultConfigurationIsVisible = 0;
			defaultConfigurationName = Release;
		};
		FD00A462221DD916008F19FE /* Build configuration list for PBXNativeTarget "ExampleObjectiveC" */ = {
			isa = XCConfigurationList;
			buildConfigurations = (
				FD00A463221DD916008F19FE /* Debug */,
				FD00A464221DD916008F19FE /* Release */,
			);
			defaultConfigurationIsVisible = 0;
			defaultConfigurationName = Release;
		};
/* End XCConfigurationList section */
	};
	rootObject = FD00A444221DD915008F19FE /* Project object */;
}
