PODS:
  - Giphy (2.1.5):
    - libwebp
  - libwebp (1.1.0):
    - libwebp/demux (= 1.1.0)
    - libwebp/mux (= 1.1.0)
    - libwebp/webp (= 1.1.0)
  - libwebp/demux (1.1.0):
    - libwebp/webp
  - libwebp/mux (1.1.0):
    - libwebp/demux
  - libwebp/webp (1.1.0)

DEPENDENCIES:
  - Giphy (from `https://s3.amazonaws.com/sdk.mobile.giphy.com/SDK/2.1.5/Giphy.podspec`)

SPEC REPOS:
  trunk:
    - libwebp

EXTERNAL SOURCES:
  Giphy:
    :podspec: https://s3.amazonaws.com/sdk.mobile.giphy.com/SDK/2.1.5/Giphy.podspec

SPEC CHECKSUMS:
  Giphy: 763d3cd901cef9550b4a3155828069ac60485cbf
  libwebp: 946cb3063cea9236285f7e9a8505d806d30e07f3

PODFILE CHECKSUM: 81b1a2a436f72f6eae4ca09fc592fb44f4b7c7d4

COCOAPODS: 1.10.1
