PODS:
  - DeepDiff (2.2.0)
  - Giphy (1.0.2):
    - DeepDiff (~> 2.2.0)
    - libwebp
    - PINCache
  - libwebp (1.0.3):
    - libwebp/demux (= 1.0.3)
    - libwebp/mux (= 1.0.3)
    - libwebp/webp (= 1.0.3)
  - libwebp/demux (1.0.3):
    - libwebp/webp
  - libwebp/mux (1.0.3):
    - libwebp/demux
  - libwebp/webp (1.0.3)
  - PINCache (2.3)

DEPENDENCIES:
  - Giphy (from `https://s3.amazonaws.com/sdk.mobile.giphy.com/SDK/1.0.2/Giphy.podspec`)

SPEC REPOS:
  https://github.com/cocoapods/specs.git:
    - DeepDiff
    - libwebp
    - PINCache

EXTERNAL SOURCES:
  Giphy:
    :podspec: https://s3.amazonaws.com/sdk.mobile.giphy.com/SDK/1.0.2/Giphy.podspec

SPEC CHECKSUMS:
  DeepDiff: e329bc46dd14ca788d8ec08d34420799ba1d77f2
  Giphy: a4116cef541bb1f44feb0709cdff43d69e8d8e21
  libwebp: 057912d6d0abfb6357d8bb05c0ea470301f5d61e
  PINCache: ce36ed282031b92fc7733ffe831f474ff80fddc2

PODFILE CHECKSUM: 7eb9a1d233eb5e987a9f370d5976c4c1cad36675

COCOAPODS: 1.7.4
