PODS:
  - Giphy (2.1.21):
    - libwebp
  - libwebp (1.2.1):
    - libwebp/demux (= 1.2.1)
    - libwebp/mux (= 1.2.1)
    - libwebp/webp (= 1.2.1)
  - libwebp/demux (1.2.1):
    - libwebp/webp
  - libwebp/mux (1.2.1):
    - libwebp/demux
  - libwebp/webp (1.2.1)

DEPENDENCIES:
  - Giphy

SPEC REPOS:
  trunk:
    - Giphy
    - libwebp

SPEC CHECKSUMS:
  Giphy: 96e473c9ae2db3d543d09df587d89b1651dc3e3e
  libwebp: 98a37e597e40bfdb4c911fc98f2c53d0b12d05fc

PODFILE CHECKSUM: 026f00bdf734069fe17c0dc077e7027606daf523

COCOAPODS: 1.11.2
