// !$*UTF8*$!
{
	archiveVersion = 1;
	classes = {
	};
	objectVersion = 56;
	objects = {

/* Begin PBXBuildFile section */
		02138C58299C1250006D0EB0 /* SwiftUI_ExampleApp.swift in Sources */ = {isa = PBXBuildFile; fileRef = 02138C57299C1250006D0EB0 /* SwiftUI_ExampleApp.swift */; };
		02138C5A299C1250006D0EB0 /* ContentView.swift in Sources */ = {isa = PBXBuildFile; fileRef = 02138C59299C1250006D0EB0 /* ContentView.swift */; };
		02138C5C299C1251006D0EB0 /* Assets.xcassets in Resources */ = {isa = PBXBuildFile; fileRef = 02138C5B299C1251006D0EB0 /* Assets.xcassets */; };
		02138C5F299C1251006D0EB0 /* Preview Assets.xcassets in Resources */ = {isa = PBXBuildFile; fileRef = 02138C5E299C1251006D0EB0 /* Preview Assets.xcassets */; };
		FAFDFE212CC29F3A0026398A /* GridView.swift in Sources */ = {isa = PBXBuildFile; fileRef = FAFDFE202CC29F390026398A /* GridView.swift */; };
		FAFDFE242CC2A0F40026398A /* GiphyUISDK in Frameworks */ = {isa = PBXBuildFile; productRef = FAFDFE232CC2A0F40026398A /* GiphyUISDK */; };
/* End PBXBuildFile section */

/* Begin PBXFileReference section */
		02138C54299C1250006D0EB0 /* SwiftUI-Example.app */ = {isa = PBXFileReference; explicitFileType = wrapper.application; includeInIndex = 0; path = "SwiftUI-Example.app"; sourceTree = BUILT_PRODUCTS_DIR; };
		02138C57299C1250006D0EB0 /* SwiftUI_ExampleApp.swift */ = {isa = PBXFileReference; lastKnownFileType = sourcecode.swift; path = SwiftUI_ExampleApp.swift; sourceTree = "<group>"; };
		02138C59299C1250006D0EB0 /* ContentView.swift */ = {isa = PBXFileReference; lastKnownFileType = sourcecode.swift; path = ContentView.swift; sourceTree = "<group>"; };
		02138C5B299C1251006D0EB0 /* Assets.xcassets */ = {isa = PBXFileReference; lastKnownFileType = folder.assetcatalog; path = Assets.xcassets; sourceTree = "<group>"; };
		02138C5E299C1251006D0EB0 /* Preview Assets.xcassets */ = {isa = PBXFileReference; lastKnownFileType = folder.assetcatalog; path = "Preview Assets.xcassets"; sourceTree = "<group>"; };
		FAFDFE202CC29F390026398A /* GridView.swift */ = {isa = PBXFileReference; lastKnownFileType = sourcecode.swift; path = GridView.swift; sourceTree = "<group>"; };
/* End PBXFileReference section */

/* Begin PBXFrameworksBuildPhase section */
		02138C51299C1250006D0EB0 /* Frameworks */ = {
			isa = PBXFrameworksBuildPhase;
			buildActionMask = 2147483647;
			files = (
				FAFDFE242CC2A0F40026398A /* GiphyUISDK in Frameworks */,
			);
			runOnlyForDeploymentPostprocessing = 0;
		};
/* End PBXFrameworksBuildPhase section */

/* Begin PBXGroup section */
		02138C4B299C1250006D0EB0 = {
			isa = PBXGroup;
			children = (
				02138C56299C1250006D0EB0 /* SwiftUI-Example */,
				02138C55299C1250006D0EB0 /* Products */,
			);
			sourceTree = "<group>";
		};
		02138C55299C1250006D0EB0 /* Products */ = {
			isa = PBXGroup;
			children = (
				02138C54299C1250006D0EB0 /* SwiftUI-Example.app */,
			);
			name = Products;
			sourceTree = "<group>";
		};
		02138C56299C1250006D0EB0 /* SwiftUI-Example */ = {
			isa = PBXGroup;
			children = (
				FAFDFE202CC29F390026398A /* GridView.swift */,
				02138C57299C1250006D0EB0 /* SwiftUI_ExampleApp.swift */,
				02138C59299C1250006D0EB0 /* ContentView.swift */,
				02138C5B299C1251006D0EB0 /* Assets.xcassets */,
				02138C5D299C1251006D0EB0 /* Preview Content */,
			);
			path = "SwiftUI-Example";
			sourceTree = "<group>";
		};
		02138C5D299C1251006D0EB0 /* Preview Content */ = {
			isa = PBXGroup;
			children = (
				02138C5E299C1251006D0EB0 /* Preview Assets.xcassets */,
			);
			path = "Preview Content";
			sourceTree = "<group>";
		};
/* End PBXGroup section */

/* Begin PBXNativeTarget section */
		02138C53299C1250006D0EB0 /* SwiftUI-Example */ = {
			isa = PBXNativeTarget;
			buildConfigurationList = 02138C62299C1251006D0EB0 /* Build configuration list for PBXNativeTarget "SwiftUI-Example" */;
			buildPhases = (
				02138C50299C1250006D0EB0 /* Sources */,
				02138C51299C1250006D0EB0 /* Frameworks */,
				02138C52299C1250006D0EB0 /* Resources */,
			);
			buildRules = (
			);
			dependencies = (
			);
			name = "SwiftUI-Example";
			packageProductDependencies = (
				FAFDFE232CC2A0F40026398A /* GiphyUISDK */,
			);
			productName = "SwiftUI-Example";
			productReference = 02138C54299C1250006D0EB0 /* SwiftUI-Example.app */;
			productType = "com.apple.product-type.application";
		};
/* End PBXNativeTarget section */

/* Begin PBXProject section */
		02138C4C299C1250006D0EB0 /* Project object */ = {
			isa = PBXProject;
			attributes = {
				BuildIndependentTargetsInParallel = 1;
				LastSwiftUpdateCheck = 1420;
				LastUpgradeCheck = 1600;
				TargetAttributes = {
					02138C53299C1250006D0EB0 = {
						CreatedOnToolsVersion = 14.2;
					};
				};
			};
			buildConfigurationList = 02138C4F299C1250006D0EB0 /* Build configuration list for PBXProject "SwiftUI-Example" */;
			compatibilityVersion = "Xcode 14.0";
			developmentRegion = en;
			hasScannedForEncodings = 0;
			knownRegions = (
				en,
				Base,
			);
			mainGroup = 02138C4B299C1250006D0EB0;
			packageReferences = (
				FAFDFE222CC2A0F40026398A /* XCRemoteSwiftPackageReference "giphy-ios-sdk" */,
			);
			productRefGroup = 02138C55299C1250006D0EB0 /* Products */;
			projectDirPath = "";
			projectRoot = "";
			targets = (
				02138C53299C1250006D0EB0 /* SwiftUI-Example */,
			);
		};
/* End PBXProject section */

/* Begin PBXResourcesBuildPhase section */
		02138C52299C1250006D0EB0 /* Resources */ = {
			isa = PBXResourcesBuildPhase;
			buildActionMask = 2147483647;
			files = (
				02138C5F299C1251006D0EB0 /* Preview Assets.xcassets in Resources */,
				02138C5C299C1251006D0EB0 /* Assets.xcassets in Resources */,
			);
			runOnlyForDeploymentPostprocessing = 0;
		};
/* End PBXResourcesBuildPhase section */

/* Begin PBXSourcesBuildPhase section */
		02138C50299C1250006D0EB0 /* Sources */ = {
			isa = PBXSourcesBuildPhase;
			buildActionMask = 2147483647;
			files = (
				02138C5A299C1250006D0EB0 /* ContentView.swift in Sources */,
				FAFDFE212CC29F3A0026398A /* GridView.swift in Sources */,
				02138C58299C1250006D0EB0 /* SwiftUI_ExampleApp.swift in Sources */,
			);
			runOnlyForDeploymentPostprocessing = 0;
		};
/* End PBXSourcesBuildPhase section */

/* Begin XCBuildConfiguration section */
		02138C60299C1251006D0EB0 /* Debug */ = {
			isa = XCBuildConfiguration;
			buildSettings = {
				ALWAYS_SEARCH_USER_PATHS = NO;
				CLANG_ANALYZER_NONNULL = YES;
				CLANG_ANALYZER_NUMBER_OBJECT_CONVERSION = YES_AGGRESSIVE;
				CLANG_CXX_LANGUAGE_STANDARD = "gnu++20";
				CLANG_ENABLE_MODULES = YES;
				CLANG_ENABLE_OBJC_ARC = YES;
				CLANG_ENABLE_OBJC_WEAK = YES;
				CLANG_WARN_BLOCK_CAPTURE_AUTORELEASING = YES;
				CLANG_WARN_BOOL_CONVERSION = YES;
				CLANG_WARN_COMMA = YES;
				CLANG_WARN_CONSTANT_CONVERSION = YES;
				CLANG_WARN_DEPRECATED_OBJC_IMPLEMENTATIONS = YES;
				CLANG_WARN_DIRECT_OBJC_ISA_USAGE = YES_ERROR;
				CLANG_WARN_DOCUMENTATION_COMMENTS = YES;
				CLANG_WARN_EMPTY_BODY = YES;
				CLANG_WARN_ENUM_CONVERSION = YES;
				CLANG_WARN_INFINITE_RECURSION = YES;
				CLANG_WARN_INT_CONVERSION = YES;
				CLANG_WARN_NON_LITERAL_NULL_CONVERSION = YES;
				CLANG_WARN_OBJC_IMPLICIT_RETAIN_SELF = YES;
				CLANG_WARN_OBJC_LITERAL_CONVERSION = YES;
				CLANG_WARN_OBJC_ROOT_CLASS = YES_ERROR;
				CLANG_WARN_QUOTED_INCLUDE_IN_FRAMEWORK_HEADER = YES;
				CLANG_WARN_RANGE_LOOP_ANALYSIS = YES;
				CLANG_WARN_STRICT_PROTOTYPES = YES;
				CLANG_WARN_SUSPICIOUS_MOVE = YES;
				CLANG_WARN_UNGUARDED_AVAILABILITY = YES_AGGRESSIVE;
				CLANG_WARN_UNREACHABLE_CODE = YES;
				CLANG_WARN__DUPLICATE_METHOD_MATCH = YES;
				COPY_PHASE_STRIP = NO;
				DEBUG_INFORMATION_FORMAT = dwarf;
				ENABLE_STRICT_OBJC_MSGSEND = YES;
				ENABLE_TESTABILITY = YES;
				ENABLE_USER_SCRIPT_SANDBOXING = YES;
				GCC_C_LANGUAGE_STANDARD = gnu11;
				GCC_DYNAMIC_NO_PIC = NO;
				GCC_NO_COMMON_BLOCKS = YES;
				GCC_OPTIMIZATION_LEVEL = 0;
				GCC_PREPROCESSOR_DEFINITIONS = (
					"DEBUG=1",
					"$(inherited)",
				);
				GCC_WARN_64_TO_32_BIT_CONVERSION = YES;
				GCC_WARN_ABOUT_RETURN_TYPE = YES_ERROR;
				GCC_WARN_UNDECLARED_SELECTOR = YES;
				GCC_WARN_UNINITIALIZED_AUTOS = YES_AGGRESSIVE;
				GCC_WARN_UNUSED_FUNCTION = YES;
				GCC_WARN_UNUSED_VARIABLE = YES;
				IPHONEOS_DEPLOYMENT_TARGET = 16.2;
				MTL_ENABLE_DEBUG_INFO = INCLUDE_SOURCE;
				MTL_FAST_MATH = YES;
				ONLY_ACTIVE_ARCH = YES;
				SDKROOT = iphoneos;
				SWIFT_ACTIVE_COMPILATION_CONDITIONS = DEBUG;
				SWIFT_OPTIMIZATION_LEVEL = "-Onone";
			};
			name = Debug;
		};
		02138C61299C1251006D0EB0 /* Release */ = {
			isa = XCBuildConfiguration;
			buildSettings = {
				ALWAYS_SEARCH_USER_PATHS = NO;
				CLANG_ANALYZER_NONNULL = YES;
				CLANG_ANALYZER_NUMBER_OBJECT_CONVERSION = YES_AGGRESSIVE;
				CLANG_CXX_LANGUAGE_STANDARD = "gnu++20";
				CLANG_ENABLE_MODULES = YES;
				CLANG_ENABLE_OBJC_ARC = YES;
				CLANG_ENABLE_OBJC_WEAK = YES;
				CLANG_WARN_BLOCK_CAPTURE_AUTORELEASING = YES;
				CLANG_WARN_BOOL_CONVERSION = YES;
				CLANG_WARN_COMMA = YES;
				CLANG_WARN_CONSTANT_CONVERSION = YES;
				CLANG_WARN_DEPRECATED_OBJC_IMPLEMENTATIONS = YES;
				CLANG_WARN_DIRECT_OBJC_ISA_USAGE = YES_ERROR;
				CLANG_WARN_DOCUMENTATION_COMMENTS = YES;
				CLANG_WARN_EMPTY_BODY = YES;
				CLANG_WARN_ENUM_CONVERSION = YES;
				CLANG_WARN_INFINITE_RECURSION = YES;
				CLANG_WARN_INT_CONVERSION = YES;
				CLANG_WARN_NON_LITERAL_NULL_CONVERSION = YES;
				CLANG_WARN_OBJC_IMPLICIT_RETAIN_SELF = YES;
				CLANG_WARN_OBJC_LITERAL_CONVERSION = YES;
				CLANG_WARN_OBJC_ROOT_CLASS = YES_ERROR;
				CLANG_WARN_QUOTED_INCLUDE_IN_FRAMEWORK_HEADER = YES;
				CLANG_WARN_RANGE_LOOP_ANALYSIS = YES;
				CLANG_WARN_STRICT_PROTOTYPES = YES;
				CLANG_WARN_SUSPICIOUS_MOVE = YES;
				CLANG_WARN_UNGUARDED_AVAILABILITY = YES_AGGRESSIVE;
				CLANG_WARN_UNREACHABLE_CODE = YES;
				CLANG_WARN__DUPLICATE_METHOD_MATCH = YES;
				COPY_PHASE_STRIP = NO;
				DEBUG_INFORMATION_FORMAT = "dwarf-with-dsym";
				ENABLE_NS_ASSERTIONS = NO;
				ENABLE_STRICT_OBJC_MSGSEND = YES;
				ENABLE_USER_SCRIPT_SANDBOXING = YES;
				GCC_C_LANGUAGE_STANDARD = gnu11;
				GCC_NO_COMMON_BLOCKS = YES;
				GCC_WARN_64_TO_32_BIT_CONVERSION = YES;
				GCC_WARN_ABOUT_RETURN_TYPE = YES_ERROR;
				GCC_WARN_UNDECLARED_SELECTOR = YES;
				GCC_WARN_UNINITIALIZED_AUTOS = YES_AGGRESSIVE;
				GCC_WARN_UNUSED_FUNCTION = YES;
				GCC_WARN_UNUSED_VARIABLE = YES;
				IPHONEOS_DEPLOYMENT_TARGET = 16.2;
				MTL_ENABLE_DEBUG_INFO = NO;
				MTL_FAST_MATH = YES;
				SDKROOT = iphoneos;
				SWIFT_COMPILATION_MODE = wholemodule;
				SWIFT_OPTIMIZATION_LEVEL = "-O";
				VALIDATE_PRODUCT = YES;
			};
			name = Release;
		};
		02138C63299C1251006D0EB0 /* Debug */ = {
			isa = XCBuildConfiguration;
			buildSettings = {
				ASSETCATALOG_COMPILER_APPICON_NAME = AppIcon;
				ASSETCATALOG_COMPILER_GLOBAL_ACCENT_COLOR_NAME = AccentColor;
				CODE_SIGN_STYLE = Automatic;
				CURRENT_PROJECT_VERSION = 1;
				DEVELOPMENT_ASSET_PATHS = "\"SwiftUI-Example/Preview Content\"";
				DEVELOPMENT_TEAM = 925PGC4MV7;
				ENABLE_PREVIEWS = YES;
				GENERATE_INFOPLIST_FILE = YES;
				INFOPLIST_KEY_UIApplicationSceneManifest_Generation = YES;
				INFOPLIST_KEY_UIApplicationSupportsIndirectInputEvents = YES;
				INFOPLIST_KEY_UILaunchScreen_Generation = YES;
				INFOPLIST_KEY_UISupportedInterfaceOrientations_iPad = "UIInterfaceOrientationPortrait UIInterfaceOrientationPortraitUpsideDown UIInterfaceOrientationLandscapeLeft UIInterfaceOrientationLandscapeRight";
				INFOPLIST_KEY_UISupportedInterfaceOrientations_iPhone = "UIInterfaceOrientationPortrait UIInterfaceOrientationLandscapeLeft UIInterfaceOrientationLandscapeRight";
				LD_RUNPATH_SEARCH_PATHS = (
					"$(inherited)",
					"@executable_path/Frameworks",
				);
				MARKETING_VERSION = 1.0;
				PRODUCT_BUNDLE_IDENTIFIER = "chris.wav.SwiftUI-Example";
				PRODUCT_NAME = "$(TARGET_NAME)";
				SWIFT_EMIT_LOC_STRINGS = YES;
				SWIFT_VERSION = 5.0;
				TARGETED_DEVICE_FAMILY = "1,2";
			};
			name = Debug;
		};
		02138C64299C1251006D0EB0 /* Release */ = {
			isa = XCBuildConfiguration;
			buildSettings = {
				ASSETCATALOG_COMPILER_APPICON_NAME = AppIcon;
				ASSETCATALOG_COMPILER_GLOBAL_ACCENT_COLOR_NAME = AccentColor;
				CODE_SIGN_STYLE = Automatic;
				CURRENT_PROJECT_VERSION = 1;
				DEVELOPMENT_ASSET_PATHS = "\"SwiftUI-Example/Preview Content\"";
				DEVELOPMENT_TEAM = 925PGC4MV7;
				ENABLE_PREVIEWS = YES;
				GENERATE_INFOPLIST_FILE = YES;
				INFOPLIST_KEY_UIApplicationSceneManifest_Generation = YES;
				INFOPLIST_KEY_UIApplicationSupportsIndirectInputEvents = YES;
				INFOPLIST_KEY_UILaunchScreen_Generation = YES;
				INFOPLIST_KEY_UISupportedInterfaceOrientations_iPad = "UIInterfaceOrientationPortrait UIInterfaceOrientationPortraitUpsideDown UIInterfaceOrientationLandscapeLeft UIInterfaceOrientationLandscapeRight";
				INFOPLIST_KEY_UISupportedInterfaceOrientations_iPhone = "UIInterfaceOrientationPortrait UIInterfaceOrientationLandscapeLeft UIInterfaceOrientationLandscapeRight";
				LD_RUNPATH_SEARCH_PATHS = (
					"$(inherited)",
					"@executable_path/Frameworks",
				);
				MARKETING_VERSION = 1.0;
				PRODUCT_BUNDLE_IDENTIFIER = "chris.wav.SwiftUI-Example";
				PRODUCT_NAME = "$(TARGET_NAME)";
				SWIFT_EMIT_LOC_STRINGS = YES;
				SWIFT_VERSION = 5.0;
				TARGETED_DEVICE_FAMILY = "1,2";
			};
			name = Release;
		};
/* End XCBuildConfiguration section */

/* Begin XCConfigurationList section */
		02138C4F299C1250006D0EB0 /* Build configuration list for PBXProject "SwiftUI-Example" */ = {
			isa = XCConfigurationList;
			buildConfigurations = (
				02138C60299C1251006D0EB0 /* Debug */,
				02138C61299C1251006D0EB0 /* Release */,
			);
			defaultConfigurationIsVisible = 0;
			defaultConfigurationName = Release;
		};
		02138C62299C1251006D0EB0 /* Build configuration list for PBXNativeTarget "SwiftUI-Example" */ = {
			isa = XCConfigurationList;
			buildConfigurations = (
				02138C63299C1251006D0EB0 /* Debug */,
				02138C64299C1251006D0EB0 /* Release */,
			);
			defaultConfigurationIsVisible = 0;
			defaultConfigurationName = Release;
		};
/* End XCConfigurationList section */

/* Begin XCRemoteSwiftPackageReference section */
		FAFDFE222CC2A0F40026398A /* XCRemoteSwiftPackageReference "giphy-ios-sdk" */ = {
			isa = XCRemoteSwiftPackageReference;
			repositoryURL = "https://github.com/Giphy/giphy-ios-sdk";
			requirement = {
				kind = exactVersion;
				version = 2.2.14;
			};
		};
/* End XCRemoteSwiftPackageReference section */

/* Begin XCSwiftPackageProductDependency section */
		FAFDFE232CC2A0F40026398A /* GiphyUISDK */ = {
			isa = XCSwiftPackageProductDependency;
			package = FAFDFE222CC2A0F40026398A /* XCRemoteSwiftPackageReference "giphy-ios-sdk" */;
			productName = GiphyUISDK;
		};
/* End XCSwiftPackageProductDependency section */
	};
	rootObject = 02138C4C299C1250006D0EB0 /* Project object */;
}
