// !$*UTF8*$!
{
	archiveVersion = 1;
	classes = {
	};
	objectVersion = 52;
	objects = {

/* Begin PBXBuildFile section */
		02152A3826BC57FE0025E180 /* AppDelegate.swift in Sources */ = {isa = PBXBuildFile; fileRef = 02152A3726BC57FE0025E180 /* AppDelegate.swift */; };
		02152A3A26BC57FE0025E180 /* SceneDelegate.swift in Sources */ = {isa = PBXBuildFile; fileRef = 02152A3926BC57FE0025E180 /* SceneDelegate.swift */; };
		02152A3C26BC57FE0025E180 /* ViewController.swift in Sources */ = {isa = PBXBuildFile; fileRef = 02152A3B26BC57FE0025E180 /* ViewController.swift */; };
		02152A3F26BC57FE0025E180 /* Main.storyboard in Resources */ = {isa = PBXBuildFile; fileRef = 02152A3D26BC57FE0025E180 /* Main.storyboard */; };
		02152A4126BC57FF0025E180 /* Assets.xcassets in Resources */ = {isa = PBXBuildFile; fileRef = 02152A4026BC57FF0025E180 /* Assets.xcassets */; };
		02152A4426BC57FF0025E180 /* LaunchScreen.storyboard in Resources */ = {isa = PBXBuildFile; fileRef = 02152A4226BC57FF0025E180 /* LaunchScreen.storyboard */; };
		02152A4D26BC58220025E180 /* GiphyUISDK in Frameworks */ = {isa = PBXBuildFile; productRef = 02152A4C26BC58220025E180 /* GiphyUISDK */; };
		02152A5426BC58E50025E180 /* VideoLoadingView.swift in Sources */ = {isa = PBXBuildFile; fileRef = 02152A5226BC58E50025E180 /* VideoLoadingView.swift */; };
		02152A5526BC58E50025E180 /* VideoView.swift in Sources */ = {isa = PBXBuildFile; fileRef = 02152A5326BC58E50025E180 /* VideoView.swift */; };
/* End PBXBuildFile section */

/* Begin PBXFileReference section */
		02152A3426BC57FE0025E180 /* Clips-Example.app */ = {isa = PBXFileReference; explicitFileType = wrapper.application; includeInIndex = 0; path = "Clips-Example.app"; sourceTree = BUILT_PRODUCTS_DIR; };
		02152A3726BC57FE0025E180 /* AppDelegate.swift */ = {isa = PBXFileReference; lastKnownFileType = sourcecode.swift; path = AppDelegate.swift; sourceTree = "<group>"; };
		02152A3926BC57FE0025E180 /* SceneDelegate.swift */ = {isa = PBXFileReference; lastKnownFileType = sourcecode.swift; path = SceneDelegate.swift; sourceTree = "<group>"; };
		02152A3B26BC57FE0025E180 /* ViewController.swift */ = {isa = PBXFileReference; lastKnownFileType = sourcecode.swift; path = ViewController.swift; sourceTree = "<group>"; };
		02152A3E26BC57FE0025E180 /* Base */ = {isa = PBXFileReference; lastKnownFileType = file.storyboard; name = Base; path = Base.lproj/Main.storyboard; sourceTree = "<group>"; };
		02152A4026BC57FF0025E180 /* Assets.xcassets */ = {isa = PBXFileReference; lastKnownFileType = folder.assetcatalog; path = Assets.xcassets; sourceTree = "<group>"; };
		02152A4326BC57FF0025E180 /* Base */ = {isa = PBXFileReference; lastKnownFileType = file.storyboard; name = Base; path = Base.lproj/LaunchScreen.storyboard; sourceTree = "<group>"; };
		02152A4526BC57FF0025E180 /* Info.plist */ = {isa = PBXFileReference; lastKnownFileType = text.plist.xml; path = Info.plist; sourceTree = "<group>"; };
		02152A5226BC58E50025E180 /* VideoLoadingView.swift */ = {isa = PBXFileReference; lastKnownFileType = sourcecode.swift; path = VideoLoadingView.swift; sourceTree = "<group>"; };
		02152A5326BC58E50025E180 /* VideoView.swift */ = {isa = PBXFileReference; lastKnownFileType = sourcecode.swift; path = VideoView.swift; sourceTree = "<group>"; };
		02B0D32426BC742B00E0D026 /* video-player-sample.md */ = {isa = PBXFileReference; lastKnownFileType = net.daringfireball.markdown; path = "video-player-sample.md"; sourceTree = "<group>"; };
/* End PBXFileReference section */

/* Begin PBXFrameworksBuildPhase section */
		02152A3126BC57FE0025E180 /* Frameworks */ = {
			isa = PBXFrameworksBuildPhase;
			buildActionMask = 2147483647;
			files = (
				02152A4D26BC58220025E180 /* GiphyUISDK in Frameworks */,
			);
			runOnlyForDeploymentPostprocessing = 0;
		};
/* End PBXFrameworksBuildPhase section */

/* Begin PBXGroup section */
		02152A2B26BC57FE0025E180 = {
			isa = PBXGroup;
			children = (
				02B0D32426BC742B00E0D026 /* video-player-sample.md */,
				02152A3626BC57FE0025E180 /* Clips-Example */,
				02152A3526BC57FE0025E180 /* Products */,
			);
			sourceTree = "<group>";
		};
		02152A3526BC57FE0025E180 /* Products */ = {
			isa = PBXGroup;
			children = (
				02152A3426BC57FE0025E180 /* Clips-Example.app */,
			);
			name = Products;
			sourceTree = "<group>";
		};
		02152A3626BC57FE0025E180 /* Clips-Example */ = {
			isa = PBXGroup;
			children = (
				02152A5226BC58E50025E180 /* VideoLoadingView.swift */,
				02152A5326BC58E50025E180 /* VideoView.swift */,
				02152A3726BC57FE0025E180 /* AppDelegate.swift */,
				02152A3926BC57FE0025E180 /* SceneDelegate.swift */,
				02152A3B26BC57FE0025E180 /* ViewController.swift */,
				02152A3D26BC57FE0025E180 /* Main.storyboard */,
				02152A4026BC57FF0025E180 /* Assets.xcassets */,
				02152A4226BC57FF0025E180 /* LaunchScreen.storyboard */,
				02152A4526BC57FF0025E180 /* Info.plist */,
			);
			path = "Clips-Example";
			sourceTree = "<group>";
		};
/* End PBXGroup section */

/* Begin PBXNativeTarget section */
		02152A3326BC57FE0025E180 /* Clips-Example */ = {
			isa = PBXNativeTarget;
			buildConfigurationList = 02152A4826BC57FF0025E180 /* Build configuration list for PBXNativeTarget "Clips-Example" */;
			buildPhases = (
				02152A3026BC57FE0025E180 /* Sources */,
				02152A3126BC57FE0025E180 /* Frameworks */,
				02152A3226BC57FE0025E180 /* Resources */,
			);
			buildRules = (
			);
			dependencies = (
			);
			name = "Clips-Example";
			packageProductDependencies = (
				02152A4C26BC58220025E180 /* GiphyUISDK */,
			);
			productName = "Clips-Example";
			productReference = 02152A3426BC57FE0025E180 /* Clips-Example.app */;
			productType = "com.apple.product-type.application";
		};
/* End PBXNativeTarget section */

/* Begin PBXProject section */
		02152A2C26BC57FE0025E180 /* Project object */ = {
			isa = PBXProject;
			attributes = {
				LastSwiftUpdateCheck = 1250;
				LastUpgradeCheck = 1250;
				TargetAttributes = {
					02152A3326BC57FE0025E180 = {
						CreatedOnToolsVersion = 12.5.1;
					};
				};
			};
			buildConfigurationList = 02152A2F26BC57FE0025E180 /* Build configuration list for PBXProject "Clips-Example" */;
			compatibilityVersion = "Xcode 9.3";
			developmentRegion = en;
			hasScannedForEncodings = 0;
			knownRegions = (
				en,
				Base,
			);
			mainGroup = 02152A2B26BC57FE0025E180;
			packageReferences = (
				02152A4B26BC58220025E180 /* XCRemoteSwiftPackageReference "giphy-ios-sdk" */,
			);
			productRefGroup = 02152A3526BC57FE0025E180 /* Products */;
			projectDirPath = "";
			projectRoot = "";
			targets = (
				02152A3326BC57FE0025E180 /* Clips-Example */,
			);
		};
/* End PBXProject section */

/* Begin PBXResourcesBuildPhase section */
		02152A3226BC57FE0025E180 /* Resources */ = {
			isa = PBXResourcesBuildPhase;
			buildActionMask = 2147483647;
			files = (
				02152A4426BC57FF0025E180 /* LaunchScreen.storyboard in Resources */,
				02152A4126BC57FF0025E180 /* Assets.xcassets in Resources */,
				02152A3F26BC57FE0025E180 /* Main.storyboard in Resources */,
			);
			runOnlyForDeploymentPostprocessing = 0;
		};
/* End PBXResourcesBuildPhase section */

/* Begin PBXSourcesBuildPhase section */
		02152A3026BC57FE0025E180 /* Sources */ = {
			isa = PBXSourcesBuildPhase;
			buildActionMask = 2147483647;
			files = (
				02152A3C26BC57FE0025E180 /* ViewController.swift in Sources */,
				02152A5526BC58E50025E180 /* VideoView.swift in Sources */,
				02152A5426BC58E50025E180 /* VideoLoadingView.swift in Sources */,
				02152A3826BC57FE0025E180 /* AppDelegate.swift in Sources */,
				02152A3A26BC57FE0025E180 /* SceneDelegate.swift in Sources */,
			);
			runOnlyForDeploymentPostprocessing = 0;
		};
/* End PBXSourcesBuildPhase section */

/* Begin PBXVariantGroup section */
		02152A3D26BC57FE0025E180 /* Main.storyboard */ = {
			isa = PBXVariantGroup;
			children = (
				02152A3E26BC57FE0025E180 /* Base */,
			);
			name = Main.storyboard;
			sourceTree = "<group>";
		};
		02152A4226BC57FF0025E180 /* LaunchScreen.storyboard */ = {
			isa = PBXVariantGroup;
			children = (
				02152A4326BC57FF0025E180 /* Base */,
			);
			name = LaunchScreen.storyboard;
			sourceTree = "<group>";
		};
/* End PBXVariantGroup section */

/* Begin XCBuildConfiguration section */
		02152A4626BC57FF0025E180 /* Debug */ = {
			isa = XCBuildConfiguration;
			buildSettings = {
				ALWAYS_SEARCH_USER_PATHS = NO;
				CLANG_ANALYZER_NONNULL = YES;
				CLANG_ANALYZER_NUMBER_OBJECT_CONVERSION = YES_AGGRESSIVE;
				CLANG_CXX_LANGUAGE_STANDARD = "gnu++14";
				CLANG_CXX_LIBRARY = "libc++";
				CLANG_ENABLE_MODULES = YES;
				CLANG_ENABLE_OBJC_ARC = YES;
				CLANG_ENABLE_OBJC_WEAK = YES;
				CLANG_WARN_BLOCK_CAPTURE_AUTORELEASING = YES;
				CLANG_WARN_BOOL_CONVERSION = YES;
				CLANG_WARN_COMMA = YES;
				CLANG_WARN_CONSTANT_CONVERSION = YES;
				CLANG_WARN_DEPRECATED_OBJC_IMPLEMENTATIONS = YES;
				CLANG_WARN_DIRECT_OBJC_ISA_USAGE = YES_ERROR;
				CLANG_WARN_DOCUMENTATION_COMMENTS = YES;
				CLANG_WARN_EMPTY_BODY = YES;
				CLANG_WARN_ENUM_CONVERSION = YES;
				CLANG_WARN_INFINITE_RECURSION = YES;
				CLANG_WARN_INT_CONVERSION = YES;
				CLANG_WARN_NON_LITERAL_NULL_CONVERSION = YES;
				CLANG_WARN_OBJC_IMPLICIT_RETAIN_SELF = YES;
				CLANG_WARN_OBJC_LITERAL_CONVERSION = YES;
				CLANG_WARN_OBJC_ROOT_CLASS = YES_ERROR;
				CLANG_WARN_QUOTED_INCLUDE_IN_FRAMEWORK_HEADER = YES;
				CLANG_WARN_RANGE_LOOP_ANALYSIS = YES;
				CLANG_WARN_STRICT_PROTOTYPES = YES;
				CLANG_WARN_SUSPICIOUS_MOVE = YES;
				CLANG_WARN_UNGUARDED_AVAILABILITY = YES_AGGRESSIVE;
				CLANG_WARN_UNREACHABLE_CODE = YES;
				CLANG_WARN__DUPLICATE_METHOD_MATCH = YES;
				COPY_PHASE_STRIP = NO;
				DEBUG_INFORMATION_FORMAT = dwarf;
				ENABLE_STRICT_OBJC_MSGSEND = YES;
				ENABLE_TESTABILITY = YES;
				GCC_C_LANGUAGE_STANDARD = gnu11;
				GCC_DYNAMIC_NO_PIC = NO;
				GCC_NO_COMMON_BLOCKS = YES;
				GCC_OPTIMIZATION_LEVEL = 0;
				GCC_PREPROCESSOR_DEFINITIONS = (
					"DEBUG=1",
					"$(inherited)",
				);
				GCC_WARN_64_TO_32_BIT_CONVERSION = YES;
				GCC_WARN_ABOUT_RETURN_TYPE = YES_ERROR;
				GCC_WARN_UNDECLARED_SELECTOR = YES;
				GCC_WARN_UNINITIALIZED_AUTOS = YES_AGGRESSIVE;
				GCC_WARN_UNUSED_FUNCTION = YES;
				GCC_WARN_UNUSED_VARIABLE = YES;
				IPHONEOS_DEPLOYMENT_TARGET = 14.5;
				MTL_ENABLE_DEBUG_INFO = INCLUDE_SOURCE;
				MTL_FAST_MATH = YES;
				ONLY_ACTIVE_ARCH = YES;
				SDKROOT = iphoneos;
				SWIFT_ACTIVE_COMPILATION_CONDITIONS = DEBUG;
				SWIFT_OPTIMIZATION_LEVEL = "-Onone";
			};
			name = Debug;
		};
		02152A4726BC57FF0025E180 /* Release */ = {
			isa = XCBuildConfiguration;
			buildSettings = {
				ALWAYS_SEARCH_USER_PATHS = NO;
				CLANG_ANALYZER_NONNULL = YES;
				CLANG_ANALYZER_NUMBER_OBJECT_CONVERSION = YES_AGGRESSIVE;
				CLANG_CXX_LANGUAGE_STANDARD = "gnu++14";
				CLANG_CXX_LIBRARY = "libc++";
				CLANG_ENABLE_MODULES = YES;
				CLANG_ENABLE_OBJC_ARC = YES;
				CLANG_ENABLE_OBJC_WEAK = YES;
				CLANG_WARN_BLOCK_CAPTURE_AUTORELEASING = YES;
				CLANG_WARN_BOOL_CONVERSION = YES;
				CLANG_WARN_COMMA = YES;
				CLANG_WARN_CONSTANT_CONVERSION = YES;
				CLANG_WARN_DEPRECATED_OBJC_IMPLEMENTATIONS = YES;
				CLANG_WARN_DIRECT_OBJC_ISA_USAGE = YES_ERROR;
				CLANG_WARN_DOCUMENTATION_COMMENTS = YES;
				CLANG_WARN_EMPTY_BODY = YES;
				CLANG_WARN_ENUM_CONVERSION = YES;
				CLANG_WARN_INFINITE_RECURSION = YES;
				CLANG_WARN_INT_CONVERSION = YES;
				CLANG_WARN_NON_LITERAL_NULL_CONVERSION = YES;
				CLANG_WARN_OBJC_IMPLICIT_RETAIN_SELF = YES;
				CLANG_WARN_OBJC_LITERAL_CONVERSION = YES;
				CLANG_WARN_OBJC_ROOT_CLASS = YES_ERROR;
				CLANG_WARN_QUOTED_INCLUDE_IN_FRAMEWORK_HEADER = YES;
				CLANG_WARN_RANGE_LOOP_ANALYSIS = YES;
				CLANG_WARN_STRICT_PROTOTYPES = YES;
				CLANG_WARN_SUSPICIOUS_MOVE = YES;
				CLANG_WARN_UNGUARDED_AVAILABILITY = YES_AGGRESSIVE;
				CLANG_WARN_UNREACHABLE_CODE = YES;
				CLANG_WARN__DUPLICATE_METHOD_MATCH = YES;
				COPY_PHASE_STRIP = NO;
				DEBUG_INFORMATION_FORMAT = "dwarf-with-dsym";
				ENABLE_NS_ASSERTIONS = NO;
				ENABLE_STRICT_OBJC_MSGSEND = YES;
				GCC_C_LANGUAGE_STANDARD = gnu11;
				GCC_NO_COMMON_BLOCKS = YES;
				GCC_WARN_64_TO_32_BIT_CONVERSION = YES;
				GCC_WARN_ABOUT_RETURN_TYPE = YES_ERROR;
				GCC_WARN_UNDECLARED_SELECTOR = YES;
				GCC_WARN_UNINITIALIZED_AUTOS = YES_AGGRESSIVE;
				GCC_WARN_UNUSED_FUNCTION = YES;
				GCC_WARN_UNUSED_VARIABLE = YES;
				IPHONEOS_DEPLOYMENT_TARGET = 14.5;
				MTL_ENABLE_DEBUG_INFO = NO;
				MTL_FAST_MATH = YES;
				SDKROOT = iphoneos;
				SWIFT_COMPILATION_MODE = wholemodule;
				SWIFT_OPTIMIZATION_LEVEL = "-O";
				VALIDATE_PRODUCT = YES;
			};
			name = Release;
		};
		02152A4926BC57FF0025E180 /* Debug */ = {
			isa = XCBuildConfiguration;
			buildSettings = {
				ASSETCATALOG_COMPILER_APPICON_NAME = AppIcon;
				ASSETCATALOG_COMPILER_GLOBAL_ACCENT_COLOR_NAME = AccentColor;
				CODE_SIGN_STYLE = Automatic;
				DEVELOPMENT_TEAM = 925PGC4MV7;
				INFOPLIST_FILE = "Clips-Example/Info.plist";
				LD_RUNPATH_SEARCH_PATHS = (
					"$(inherited)",
					"@executable_path/Frameworks",
				);
				PRODUCT_BUNDLE_IDENTIFIER = "giphy.Clips-Example";
				PRODUCT_NAME = "$(TARGET_NAME)";
				SWIFT_VERSION = 5.0;
				TARGETED_DEVICE_FAMILY = "1,2";
			};
			name = Debug;
		};
		02152A4A26BC57FF0025E180 /* Release */ = {
			isa = XCBuildConfiguration;
			buildSettings = {
				ASSETCATALOG_COMPILER_APPICON_NAME = AppIcon;
				ASSETCATALOG_COMPILER_GLOBAL_ACCENT_COLOR_NAME = AccentColor;
				CODE_SIGN_STYLE = Automatic;
				DEVELOPMENT_TEAM = 925PGC4MV7;
				INFOPLIST_FILE = "Clips-Example/Info.plist";
				LD_RUNPATH_SEARCH_PATHS = (
					"$(inherited)",
					"@executable_path/Frameworks",
				);
				PRODUCT_BUNDLE_IDENTIFIER = "giphy.Clips-Example";
				PRODUCT_NAME = "$(TARGET_NAME)";
				SWIFT_VERSION = 5.0;
				TARGETED_DEVICE_FAMILY = "1,2";
			};
			name = Release;
		};
/* End XCBuildConfiguration section */

/* Begin XCConfigurationList section */
		02152A2F26BC57FE0025E180 /* Build configuration list for PBXProject "Clips-Example" */ = {
			isa = XCConfigurationList;
			buildConfigurations = (
				02152A4626BC57FF0025E180 /* Debug */,
				02152A4726BC57FF0025E180 /* Release */,
			);
			defaultConfigurationIsVisible = 0;
			defaultConfigurationName = Release;
		};
		02152A4826BC57FF0025E180 /* Build configuration list for PBXNativeTarget "Clips-Example" */ = {
			isa = XCConfigurationList;
			buildConfigurations = (
				02152A4926BC57FF0025E180 /* Debug */,
				02152A4A26BC57FF0025E180 /* Release */,
			);
			defaultConfigurationIsVisible = 0;
			defaultConfigurationName = Release;
		};
/* End XCConfigurationList section */

/* Begin XCRemoteSwiftPackageReference section */
		02152A4B26BC58220025E180 /* XCRemoteSwiftPackageReference "giphy-ios-sdk" */ = {
			isa = XCRemoteSwiftPackageReference;
			repositoryURL = "https://github.com/Giphy/giphy-ios-sdk.git";
			requirement = {
				branch = main;
				kind = branch;
			};
		};
/* End XCRemoteSwiftPackageReference section */

/* Begin XCSwiftPackageProductDependency section */
		02152A4C26BC58220025E180 /* GiphyUISDK */ = {
			isa = XCSwiftPackageProductDependency;
			package = 02152A4B26BC58220025E180 /* XCRemoteSwiftPackageReference "giphy-ios-sdk" */;
			productName = GiphyUISDK;
		};
/* End XCSwiftPackageProductDependency section */
	};
	rootObject = 02152A2C26BC57FE0025E180 /* Project object */;
}
