PODS:
  - Giphy (2.2.1):
    - libwebp
  - libwebp (1.2.3):
    - libwebp/demux (= 1.2.3)
    - libwebp/mux (= 1.2.3)
    - libwebp/webp (= 1.2.3)
  - libwebp/demux (1.2.3):
    - libwebp/webp
  - libwebp/mux (1.2.3):
    - libwebp/demux
  - libwebp/webp (1.2.3)

DEPENDENCIES:
  - Giphy (from `https://s3.amazonaws.com/sdk.mobile.giphy.com/SDK/2.2.1/Giphy.podspec`)

SPEC REPOS:
  trunk:
    - libwebp

EXTERNAL SOURCES:
  Giphy:
    :podspec: https://s3.amazonaws.com/sdk.mobile.giphy.com/SDK/2.2.1/Giphy.podspec

SPEC CHECKSUMS:
  Giphy: cdfd21712d85750188dd7c9ae782d2641766f4a5
  libwebp: 60305b2e989864154bd9be3d772730f08fc6a59c

PODFILE CHECKSUM: 7bd098e8939869b5abb8bcd3ea0f84c549ec295b

COCOAPODS: 1.11.2
