PODS:
  - Giphy (2.1.4):
    - libwebp
  - libwebp (1.1.0):
    - libwebp/demux (= 1.1.0)
    - libwebp/mux (= 1.1.0)
    - libwebp/webp (= 1.1.0)
  - libwebp/demux (1.1.0):
    - libwebp/webp
  - libwebp/mux (1.1.0):
    - libwebp/demux
  - libwebp/webp (1.1.0)

DEPENDENCIES:
  - Giphy

SPEC REPOS:
  trunk:
    - Giphy
    - libwebp

SPEC CHECKSUMS:
  Giphy: 531479ae1b5c2b88b2deaffd85fb18131de15799
  libwebp: 946cb3063cea9236285f7e9a8505d806d30e07f3

PODFILE CHECKSUM: 4a920288c47e605aad1543443238ed714dd2a5ce

COCOAPODS: 1.10.1
